// !$*UTF8*$!
{
	archiveVersion = 1;
	classes = {
	};
	objectVersion = 56;
	objects = {

/* Begin PBXBuildFile section */
		044587DA2942EC29009195F2 /* ETIconButton.swift in Sources */ = {isa = PBXBuildFile; fileRef = 044587D92942EC29009195F2 /* ETIconButton.swift */; };
		044587DC29431728009195F2 /* SignInViewController.swift in Sources */ = {isa = PBXBuildFile; fileRef = 044587DB29431728009195F2 /* SignInViewController.swift */; };
		044587DE2943174B009195F2 /* ETTextField.swift in Sources */ = {isa = PBXBuildFile; fileRef = 044587DD2943174B009195F2 /* ETTextField.swift */; };
		044587E0294317F2009195F2 /* UIViewController+Extension.swift in Sources */ = {isa = PBXBuildFile; fileRef = 044587DF294317F2009195F2 /* UIViewController+Extension.swift */; };
		044587E229432BC5009195F2 /* SignUpViewController.swift in Sources */ = {isa = PBXBuildFile; fileRef = 044587E129432BC5009195F2 /* SignUpViewController.swift */; };
		044587E4294331B5009195F2 /* UINavigation+Extension.swift in Sources */ = {isa = PBXBuildFile; fileRef = 044587E3294331B5009195F2 /* UINavigation+Extension.swift */; };
		04BF562E294193B200BCF4A5 /* AppDelegate.swift in Sources */ = {isa = PBXBuildFile; fileRef = 04BF562D294193B200BCF4A5 /* AppDelegate.swift */; };
		04BF5630294193B200BCF4A5 /* SceneDelegate.swift in Sources */ = {isa = PBXBuildFile; fileRef = 04BF562F294193B200BCF4A5 /* SceneDelegate.swift */; };
		04BF5637294193B300BCF4A5 /* Assets.xcassets in Resources */ = {isa = PBXBuildFile; fileRef = 04BF5636294193B300BCF4A5 /* Assets.xcassets */; };
		04BF563A294193B300BCF4A5 /* LaunchScreen.storyboard in Resources */ = {isa = PBXBuildFile; fileRef = 04BF5638294193B300BCF4A5 /* LaunchScreen.storyboard */; };
		04BF56582941A2EF00BCF4A5 /* Poppins-ExtraLight.ttf in Resources */ = {isa = PBXBuildFile; fileRef = 04BF56462941A2EF00BCF4A5 /* Poppins-ExtraLight.ttf */; };
		04BF56592941A2EF00BCF4A5 /* Poppins-ThinItalic.ttf in Resources */ = {isa = PBXBuildFile; fileRef = 04BF56472941A2EF00BCF4A5 /* Poppins-ThinItalic.ttf */; };
		04BF565A2941A2EF00BCF4A5 /* Poppins-ExtraLightItalic.ttf in Resources */ = {isa = PBXBuildFile; fileRef = 04BF56482941A2EF00BCF4A5 /* Poppins-ExtraLightItalic.ttf */; };
		04BF565B2941A2EF00BCF4A5 /* Poppins-BoldItalic.ttf in Resources */ = {isa = PBXBuildFile; fileRef = 04BF56492941A2EF00BCF4A5 /* Poppins-BoldItalic.ttf */; };
		04BF565C2941A2EF00BCF4A5 /* Poppins-Light.ttf in Resources */ = {isa = PBXBuildFile; fileRef = 04BF564A2941A2EF00BCF4A5 /* Poppins-Light.ttf */; };
		04BF565D2941A2EF00BCF4A5 /* Poppins-Medium.ttf in Resources */ = {isa = PBXBuildFile; fileRef = 04BF564B2941A2EF00BCF4A5 /* Poppins-Medium.ttf */; };
		04BF565E2941A2EF00BCF4A5 /* Poppins-SemiBoldItalic.ttf in Resources */ = {isa = PBXBuildFile; fileRef = 04BF564C2941A2EF00BCF4A5 /* Poppins-SemiBoldItalic.ttf */; };
		04BF565F2941A2EF00BCF4A5 /* Poppins-ExtraBoldItalic.ttf in Resources */ = {isa = PBXBuildFile; fileRef = 04BF564D2941A2EF00BCF4A5 /* Poppins-ExtraBoldItalic.ttf */; };
		04BF56602941A2EF00BCF4A5 /* Poppins-ExtraBold.ttf in Resources */ = {isa = PBXBuildFile; fileRef = 04BF564E2941A2EF00BCF4A5 /* Poppins-ExtraBold.ttf */; };
		04BF56612941A2EF00BCF4A5 /* Poppins-BlackItalic.ttf in Resources */ = {isa = PBXBuildFile; fileRef = 04BF564F2941A2EF00BCF4A5 /* Poppins-BlackItalic.ttf */; };
		04BF56622941A2EF00BCF4A5 /* Poppins-Regular.ttf in Resources */ = {isa = PBXBuildFile; fileRef = 04BF56502941A2EF00BCF4A5 /* Poppins-Regular.ttf */; };
		04BF56632941A2EF00BCF4A5 /* Poppins-LightItalic.ttf in Resources */ = {isa = PBXBuildFile; fileRef = 04BF56512941A2EF00BCF4A5 /* Poppins-LightItalic.ttf */; };
		04BF56642941A2EF00BCF4A5 /* Poppins-Bold.ttf in Resources */ = {isa = PBXBuildFile; fileRef = 04BF56522941A2EF00BCF4A5 /* Poppins-Bold.ttf */; };
		04BF56652941A2EF00BCF4A5 /* Poppins-Black.ttf in Resources */ = {isa = PBXBuildFile; fileRef = 04BF56532941A2EF00BCF4A5 /* Poppins-Black.ttf */; };
		04BF56662941A2EF00BCF4A5 /* Poppins-Thin.ttf in Resources */ = {isa = PBXBuildFile; fileRef = 04BF56542941A2EF00BCF4A5 /* Poppins-Thin.ttf */; };
		04BF56672941A2EF00BCF4A5 /* Poppins-SemiBold.ttf in Resources */ = {isa = PBXBuildFile; fileRef = 04BF56552941A2EF00BCF4A5 /* Poppins-SemiBold.ttf */; };
		04BF56682941A2EF00BCF4A5 /* Poppins-Italic.ttf in Resources */ = {isa = PBXBuildFile; fileRef = 04BF56562941A2EF00BCF4A5 /* Poppins-Italic.ttf */; };
		04BF56692941A2EF00BCF4A5 /* Poppins-MediumItalic.ttf in Resources */ = {isa = PBXBuildFile; fileRef = 04BF56572941A2EF00BCF4A5 /* Poppins-MediumItalic.ttf */; };
		04BF566B2941A30400BCF4A5 /* Theme.swift in Sources */ = {isa = PBXBuildFile; fileRef = 04BF566A2941A30400BCF4A5 /* Theme.swift */; };
		04BF566E2941A65500BCF4A5 /* UIFont+Extension.swift in Sources */ = {isa = PBXBuildFile; fileRef = 04BF566D2941A65500BCF4A5 /* UIFont+Extension.swift */; };
		04BF56702941AAF900BCF4A5 /* UIView+Extension.swift in Sources */ = {isa = PBXBuildFile; fileRef = 04BF566F2941AAF900BCF4A5 /* UIView+Extension.swift */; };
		04BF56722941BC8700BCF4A5 /* UIStackView+Extension.swift in Sources */ = {isa = PBXBuildFile; fileRef = 04BF56712941BC8700BCF4A5 /* UIStackView+Extension.swift */; };
		04BF56752941D66400BCF4A5 /* ETGradientButton.swift in Sources */ = {isa = PBXBuildFile; fileRef = 04BF56742941D66400BCF4A5 /* ETGradientButton.swift */; };
		04BF56772941D86B00BCF4A5 /* ETButtonTitle.swift in Sources */ = {isa = PBXBuildFile; fileRef = 04BF56762941D86B00BCF4A5 /* ETButtonTitle.swift */; };
		04BF567A2941DB5400BCF4A5 /* ETButtonType.swift in Sources */ = {isa = PBXBuildFile; fileRef = 04BF56792941DB5400BCF4A5 /* ETButtonType.swift */; };
		04BF567E2941E9F000BCF4A5 /* OnboardingViewController.swift in Sources */ = {isa = PBXBuildFile; fileRef = 04BF567D2941E9F000BCF4A5 /* OnboardingViewController.swift */; };
		04BF56812941EA0D00BCF4A5 /* OnboardingCollectionViewCell.swift in Sources */ = {isa = PBXBuildFile; fileRef = 04BF56802941EA0D00BCF4A5 /* OnboardingCollectionViewCell.swift */; };
		04BF56842941EA6C00BCF4A5 /* OnboardingModel.swift in Sources */ = {isa = PBXBuildFile; fileRef = 04BF56832941EA6C00BCF4A5 /* OnboardingModel.swift */; };
		04BF56882942438B00BCF4A5 /* MainViewController.swift in Sources */ = {isa = PBXBuildFile; fileRef = 04BF56872942438B00BCF4A5 /* MainViewController.swift */; };
/* End PBXBuildFile section */

/* Begin PBXFileReference section */
		044587D92942EC29009195F2 /* ETIconButton.swift */ = {isa = PBXFileReference; lastKnownFileType = sourcecode.swift; path = ETIconButton.swift; sourceTree = "<group>"; };
		044587DB29431728009195F2 /* SignInViewController.swift */ = {isa = PBXFileReference; lastKnownFileType = sourcecode.swift; path = SignInViewController.swift; sourceTree = "<group>"; };
		044587DD2943174B009195F2 /* ETTextField.swift */ = {isa = PBXFileReference; lastKnownFileType = sourcecode.swift; path = ETTextField.swift; sourceTree = "<group>"; };
		044587DF294317F2009195F2 /* UIViewController+Extension.swift */ = {isa = PBXFileReference; lastKnownFileType = sourcecode.swift; path = "UIViewController+Extension.swift"; sourceTree = "<group>"; };
		044587E129432BC5009195F2 /* SignUpViewController.swift */ = {isa = PBXFileReference; lastKnownFileType = sourcecode.swift; path = SignUpViewController.swift; sourceTree = "<group>"; };
		044587E3294331B5009195F2 /* UINavigation+Extension.swift */ = {isa = PBXFileReference; lastKnownFileType = sourcecode.swift; path = "UINavigation+Extension.swift"; sourceTree = "<group>"; };
		04BF562A294193B200BCF4A5 /* ExTrip.app */ = {isa = PBXFileReference; explicitFileType = wrapper.application; includeInIndex = 0; path = ExTrip.app; sourceTree = BUILT_PRODUCTS_DIR; };
		04BF562D294193B200BCF4A5 /* AppDelegate.swift */ = {isa = PBXFileReference; lastKnownFileType = sourcecode.swift; path = AppDelegate.swift; sourceTree = "<group>"; };
		04BF562F294193B200BCF4A5 /* SceneDelegate.swift */ = {isa = PBXFileReference; lastKnownFileType = sourcecode.swift; path = SceneDelegate.swift; sourceTree = "<group>"; };
		04BF5636294193B300BCF4A5 /* Assets.xcassets */ = {isa = PBXFileReference; lastKnownFileType = folder.assetcatalog; path = Assets.xcassets; sourceTree = "<group>"; };
		04BF5639294193B300BCF4A5 /* Base */ = {isa = PBXFileReference; lastKnownFileType = file.storyboard; name = Base; path = Base.lproj/LaunchScreen.storyboard; sourceTree = "<group>"; };
		04BF563B294193B300BCF4A5 /* Info.plist */ = {isa = PBXFileReference; lastKnownFileType = text.plist.xml; path = Info.plist; sourceTree = "<group>"; };
		04BF56462941A2EF00BCF4A5 /* Poppins-ExtraLight.ttf */ = {isa = PBXFileReference; lastKnownFileType = file; path = "Poppins-ExtraLight.ttf"; sourceTree = "<group>"; };
		04BF56472941A2EF00BCF4A5 /* Poppins-ThinItalic.ttf */ = {isa = PBXFileReference; lastKnownFileType = file; path = "Poppins-ThinItalic.ttf"; sourceTree = "<group>"; };
		04BF56482941A2EF00BCF4A5 /* Poppins-ExtraLightItalic.ttf */ = {isa = PBXFileReference; lastKnownFileType = file; path = "Poppins-ExtraLightItalic.ttf"; sourceTree = "<group>"; };
		04BF56492941A2EF00BCF4A5 /* Poppins-BoldItalic.ttf */ = {isa = PBXFileReference; lastKnownFileType = file; path = "Poppins-BoldItalic.ttf"; sourceTree = "<group>"; };
		04BF564A2941A2EF00BCF4A5 /* Poppins-Light.ttf */ = {isa = PBXFileReference; lastKnownFileType = file; path = "Poppins-Light.ttf"; sourceTree = "<group>"; };
		04BF564B2941A2EF00BCF4A5 /* Poppins-Medium.ttf */ = {isa = PBXFileReference; lastKnownFileType = file; path = "Poppins-Medium.ttf"; sourceTree = "<group>"; };
		04BF564C2941A2EF00BCF4A5 /* Poppins-SemiBoldItalic.ttf */ = {isa = PBXFileReference; lastKnownFileType = file; path = "Poppins-SemiBoldItalic.ttf"; sourceTree = "<group>"; };
		04BF564D2941A2EF00BCF4A5 /* Poppins-ExtraBoldItalic.ttf */ = {isa = PBXFileReference; lastKnownFileType = file; path = "Poppins-ExtraBoldItalic.ttf"; sourceTree = "<group>"; };
		04BF564E2941A2EF00BCF4A5 /* Poppins-ExtraBold.ttf */ = {isa = PBXFileReference; lastKnownFileType = file; path = "Poppins-ExtraBold.ttf"; sourceTree = "<group>"; };
		04BF564F2941A2EF00BCF4A5 /* Poppins-BlackItalic.ttf */ = {isa = PBXFileReference; lastKnownFileType = file; path = "Poppins-BlackItalic.ttf"; sourceTree = "<group>"; };
		04BF56502941A2EF00BCF4A5 /* Poppins-Regular.ttf */ = {isa = PBXFileReference; lastKnownFileType = file; path = "Poppins-Regular.ttf"; sourceTree = "<group>"; };
		04BF56512941A2EF00BCF4A5 /* Poppins-LightItalic.ttf */ = {isa = PBXFileReference; lastKnownFileType = file; path = "Poppins-LightItalic.ttf"; sourceTree = "<group>"; };
		04BF56522941A2EF00BCF4A5 /* Poppins-Bold.ttf */ = {isa = PBXFileReference; lastKnownFileType = file; path = "Poppins-Bold.ttf"; sourceTree = "<group>"; };
		04BF56532941A2EF00BCF4A5 /* Poppins-Black.ttf */ = {isa = PBXFileReference; lastKnownFileType = file; path = "Poppins-Black.ttf"; sourceTree = "<group>"; };
		04BF56542941A2EF00BCF4A5 /* Poppins-Thin.ttf */ = {isa = PBXFileReference; lastKnownFileType = file; path = "Poppins-Thin.ttf"; sourceTree = "<group>"; };
		04BF56552941A2EF00BCF4A5 /* Poppins-SemiBold.ttf */ = {isa = PBXFileReference; lastKnownFileType = file; path = "Poppins-SemiBold.ttf"; sourceTree = "<group>"; };
		04BF56562941A2EF00BCF4A5 /* Poppins-Italic.ttf */ = {isa = PBXFileReference; lastKnownFileType = file; path = "Poppins-Italic.ttf"; sourceTree = "<group>"; };
		04BF56572941A2EF00BCF4A5 /* Poppins-MediumItalic.ttf */ = {isa = PBXFileReference; lastKnownFileType = file; path = "Poppins-MediumItalic.ttf"; sourceTree = "<group>"; };
		04BF566A2941A30400BCF4A5 /* Theme.swift */ = {isa = PBXFileReference; lastKnownFileType = sourcecode.swift; path = Theme.swift; sourceTree = "<group>"; };
		04BF566D2941A65500BCF4A5 /* UIFont+Extension.swift */ = {isa = PBXFileReference; lastKnownFileType = sourcecode.swift; path = "UIFont+Extension.swift"; sourceTree = "<group>"; };
		04BF566F2941AAF900BCF4A5 /* UIView+Extension.swift */ = {isa = PBXFileReference; lastKnownFileType = sourcecode.swift; path = "UIView+Extension.swift"; sourceTree = "<group>"; };
		04BF56712941BC8700BCF4A5 /* UIStackView+Extension.swift */ = {isa = PBXFileReference; lastKnownFileType = sourcecode.swift; path = "UIStackView+Extension.swift"; sourceTree = "<group>"; };
		04BF56742941D66400BCF4A5 /* ETGradientButton.swift */ = {isa = PBXFileReference; lastKnownFileType = sourcecode.swift; path = ETGradientButton.swift; sourceTree = "<group>"; };
		04BF56762941D86B00BCF4A5 /* ETButtonTitle.swift */ = {isa = PBXFileReference; lastKnownFileType = sourcecode.swift; path = ETButtonTitle.swift; sourceTree = "<group>"; };
		04BF56792941DB5400BCF4A5 /* ETButtonType.swift */ = {isa = PBXFileReference; lastKnownFileType = sourcecode.swift; path = ETButtonType.swift; sourceTree = "<group>"; };
		04BF567D2941E9F000BCF4A5 /* OnboardingViewController.swift */ = {isa = PBXFileReference; lastKnownFileType = sourcecode.swift; path = OnboardingViewController.swift; sourceTree = "<group>"; };
		04BF56802941EA0D00BCF4A5 /* OnboardingCollectionViewCell.swift */ = {isa = PBXFileReference; lastKnownFileType = sourcecode.swift; path = OnboardingCollectionViewCell.swift; sourceTree = "<group>"; };
		04BF56832941EA6C00BCF4A5 /* OnboardingModel.swift */ = {isa = PBXFileReference; lastKnownFileType = sourcecode.swift; path = OnboardingModel.swift; sourceTree = "<group>"; };
		04BF56872942438B00BCF4A5 /* MainViewController.swift */ = {isa = PBXFileReference; lastKnownFileType = sourcecode.swift; path = MainViewController.swift; sourceTree = "<group>"; };
/* End PBXFileReference section */

/* Begin PBXFrameworksBuildPhase section */
		04BF5627294193B200BCF4A5 /* Frameworks */ = {
			isa = PBXFrameworksBuildPhase;
			buildActionMask = 2147483647;
			files = (
			);
			runOnlyForDeploymentPostprocessing = 0;
		};
/* End PBXFrameworksBuildPhase section */

/* Begin PBXGroup section */
		04BF5621294193B200BCF4A5 = {
			isa = PBXGroup;
			children = (
				04BF562C294193B200BCF4A5 /* ExTrip */,
				04BF562B294193B200BCF4A5 /* Products */,
			);
			sourceTree = "<group>";
		};
		04BF562B294193B200BCF4A5 /* Products */ = {
			isa = PBXGroup;
			children = (
				04BF562A294193B200BCF4A5 /* ExTrip.app */,
			);
			name = Products;
			sourceTree = "<group>";
		};
		04BF562C294193B200BCF4A5 /* ExTrip */ = {
			isa = PBXGroup;
			children = (
				04BF56852942434000BCF4A5 /* Controllers */,
				04BF56822941EA6000BCF4A5 /* Model */,
				04BF567B2941E9D300BCF4A5 /* Views */,
				04BF56732941D64300BCF4A5 /* Customs */,
				04BF566C2941A63B00BCF4A5 /* Extensions */,
				04BF5641294198DB00BCF4A5 /* AppDelegate */,
				04BF564229419AB600BCF4A5 /* Resources */,
				04BF5638294193B300BCF4A5 /* LaunchScreen.storyboard */,
				04BF563B294193B300BCF4A5 /* Info.plist */,
			);
			path = ExTrip;
			sourceTree = "<group>";
		};
		04BF5641294198DB00BCF4A5 /* AppDelegate */ = {
			isa = PBXGroup;
			children = (
				04BF562D294193B200BCF4A5 /* AppDelegate.swift */,
				04BF562F294193B200BCF4A5 /* SceneDelegate.swift */,
			);
			path = AppDelegate;
			sourceTree = "<group>";
		};
		04BF564229419AB600BCF4A5 /* Resources */ = {
			isa = PBXGroup;
			children = (
				04BF56452941A2EF00BCF4A5 /* Fonts */,
				04BF564429419AF800BCF4A5 /* Colors */,
				04BF5636294193B300BCF4A5 /* Assets.xcassets */,
			);
			path = Resources;
			sourceTree = "<group>";
		};
		04BF564429419AF800BCF4A5 /* Colors */ = {
			isa = PBXGroup;
			children = (
				04BF566A2941A30400BCF4A5 /* Theme.swift */,
			);
			path = Colors;
			sourceTree = "<group>";
		};
		04BF56452941A2EF00BCF4A5 /* Fonts */ = {
			isa = PBXGroup;
			children = (
				04BF56462941A2EF00BCF4A5 /* Poppins-ExtraLight.ttf */,
				04BF56472941A2EF00BCF4A5 /* Poppins-ThinItalic.ttf */,
				04BF56482941A2EF00BCF4A5 /* Poppins-ExtraLightItalic.ttf */,
				04BF56492941A2EF00BCF4A5 /* Poppins-BoldItalic.ttf */,
				04BF564A2941A2EF00BCF4A5 /* Poppins-Light.ttf */,
				04BF564B2941A2EF00BCF4A5 /* Poppins-Medium.ttf */,
				04BF564C2941A2EF00BCF4A5 /* Poppins-SemiBoldItalic.ttf */,
				04BF564D2941A2EF00BCF4A5 /* Poppins-ExtraBoldItalic.ttf */,
				04BF564E2941A2EF00BCF4A5 /* Poppins-ExtraBold.ttf */,
				04BF564F2941A2EF00BCF4A5 /* Poppins-BlackItalic.ttf */,
				04BF56502941A2EF00BCF4A5 /* Poppins-Regular.ttf */,
				04BF56512941A2EF00BCF4A5 /* Poppins-LightItalic.ttf */,
				04BF56522941A2EF00BCF4A5 /* Poppins-Bold.ttf */,
				04BF56532941A2EF00BCF4A5 /* Poppins-Black.ttf */,
				04BF56542941A2EF00BCF4A5 /* Poppins-Thin.ttf */,
				04BF56552941A2EF00BCF4A5 /* Poppins-SemiBold.ttf */,
				04BF56562941A2EF00BCF4A5 /* Poppins-Italic.ttf */,
				04BF56572941A2EF00BCF4A5 /* Poppins-MediumItalic.ttf */,
			);
			path = Fonts;
			sourceTree = "<group>";
		};
		04BF566C2941A63B00BCF4A5 /* Extensions */ = {
			isa = PBXGroup;
			children = (
				04BF566D2941A65500BCF4A5 /* UIFont+Extension.swift */,
				04BF566F2941AAF900BCF4A5 /* UIView+Extension.swift */,
				04BF56712941BC8700BCF4A5 /* UIStackView+Extension.swift */,
				044587DF294317F2009195F2 /* UIViewController+Extension.swift */,
				044587E3294331B5009195F2 /* UINavigation+Extension.swift */,
			);
			path = Extensions;
			sourceTree = "<group>";
		};
		04BF56732941D64300BCF4A5 /* Customs */ = {
			isa = PBXGroup;
			children = (
				04BF56782941DB3600BCF4A5 /* ButtonStyle */,
				04BF56742941D66400BCF4A5 /* ETGradientButton.swift */,
				044587D92942EC29009195F2 /* ETIconButton.swift */,
				044587DD2943174B009195F2 /* ETTextField.swift */,
			);
			path = Customs;
			sourceTree = "<group>";
		};
		04BF56782941DB3600BCF4A5 /* ButtonStyle */ = {
			isa = PBXGroup;
			children = (
				04BF56762941D86B00BCF4A5 /* ETButtonTitle.swift */,
				04BF56792941DB5400BCF4A5 /* ETButtonType.swift */,
			);
			path = ButtonStyle;
			sourceTree = "<group>";
		};
		04BF567B2941E9D300BCF4A5 /* Views */ = {
			isa = PBXGroup;
			children = (
				04BF567C2941E9DC00BCF4A5 /* Onboarding */,
			);
			path = Views;
			sourceTree = "<group>";
		};
		04BF567C2941E9DC00BCF4A5 /* Onboarding */ = {
			isa = PBXGroup;
			children = (
				04BF567F2941E9FB00BCF4A5 /* Cell */,
				04BF567D2941E9F000BCF4A5 /* OnboardingViewController.swift */,
			);
			path = Onboarding;
			sourceTree = "<group>";
		};
		04BF567F2941E9FB00BCF4A5 /* Cell */ = {
			isa = PBXGroup;
			children = (
				04BF56802941EA0D00BCF4A5 /* OnboardingCollectionViewCell.swift */,
			);
			path = Cell;
			sourceTree = "<group>";
		};
		04BF56822941EA6000BCF4A5 /* Model */ = {
			isa = PBXGroup;
			children = (
				04BF56832941EA6C00BCF4A5 /* OnboardingModel.swift */,
			);
			path = Model;
			sourceTree = "<group>";
		};
		04BF56852942434000BCF4A5 /* Controllers */ = {
			isa = PBXGroup;
			children = (
				04BF56862942434E00BCF4A5 /* Auth */,
			);
			path = Controllers;
			sourceTree = "<group>";
		};
		04BF56862942434E00BCF4A5 /* Auth */ = {
			isa = PBXGroup;
			children = (
				04BF56872942438B00BCF4A5 /* MainViewController.swift */,
				044587DB29431728009195F2 /* SignInViewController.swift */,
				044587E129432BC5009195F2 /* SignUpViewController.swift */,
			);
			path = Auth;
			sourceTree = "<group>";
		};
/* End PBXGroup section */

/* Begin PBXNativeTarget section */
		04BF5629294193B200BCF4A5 /* ExTrip */ = {
			isa = PBXNativeTarget;
			buildConfigurationList = 04BF563E294193B300BCF4A5 /* Build configuration list for PBXNativeTarget "ExTrip" */;
			buildPhases = (
				04BF5626294193B200BCF4A5 /* Sources */,
				04BF5627294193B200BCF4A5 /* Frameworks */,
				04BF5628294193B200BCF4A5 /* Resources */,
			);
			buildRules = (
			);
			dependencies = (
			);
			name = ExTrip;
			productName = ExTrip;
			productReference = 04BF562A294193B200BCF4A5 /* ExTrip.app */;
			productType = "com.apple.product-type.application";
		};
/* End PBXNativeTarget section */

/* Begin PBXProject section */
		04BF5622294193B200BCF4A5 /* Project object */ = {
			isa = PBXProject;
			attributes = {
				BuildIndependentTargetsInParallel = 1;
				LastSwiftUpdateCheck = 1410;
				LastUpgradeCheck = 1410;
				TargetAttributes = {
					04BF5629294193B200BCF4A5 = {
						CreatedOnToolsVersion = 14.1;
					};
				};
			};
			buildConfigurationList = 04BF5625294193B200BCF4A5 /* Build configuration list for PBXProject "ExTrip" */;
			compatibilityVersion = "Xcode 14.0";
			developmentRegion = en;
			hasScannedForEncodings = 0;
			knownRegions = (
				en,
				Base,
			);
			mainGroup = 04BF5621294193B200BCF4A5;
			productRefGroup = 04BF562B294193B200BCF4A5 /* Products */;
			projectDirPath = "";
			projectRoot = "";
			targets = (
				04BF5629294193B200BCF4A5 /* ExTrip */,
			);
		};
/* End PBXProject section */

/* Begin PBXResourcesBuildPhase section */
		04BF5628294193B200BCF4A5 /* Resources */ = {
			isa = PBXResourcesBuildPhase;
			buildActionMask = 2147483647;
			files = (
				04BF56652941A2EF00BCF4A5 /* Poppins-Black.ttf in Resources */,
				04BF565C2941A2EF00BCF4A5 /* Poppins-Light.ttf in Resources */,
				04BF56582941A2EF00BCF4A5 /* Poppins-ExtraLight.ttf in Resources */,
				04BF56662941A2EF00BCF4A5 /* Poppins-Thin.ttf in Resources */,
				04BF56682941A2EF00BCF4A5 /* Poppins-Italic.ttf in Resources */,
				04BF56622941A2EF00BCF4A5 /* Poppins-Regular.ttf in Resources */,
				04BF56592941A2EF00BCF4A5 /* Poppins-ThinItalic.ttf in Resources */,
				04BF565A2941A2EF00BCF4A5 /* Poppins-ExtraLightItalic.ttf in Resources */,
				04BF56612941A2EF00BCF4A5 /* Poppins-BlackItalic.ttf in Resources */,
				04BF56692941A2EF00BCF4A5 /* Poppins-MediumItalic.ttf in Resources */,
				04BF565F2941A2EF00BCF4A5 /* Poppins-ExtraBoldItalic.ttf in Resources */,
				04BF56642941A2EF00BCF4A5 /* Poppins-Bold.ttf in Resources */,
				04BF565B2941A2EF00BCF4A5 /* Poppins-BoldItalic.ttf in Resources */,
				04BF565E2941A2EF00BCF4A5 /* Poppins-SemiBoldItalic.ttf in Resources */,
				04BF56632941A2EF00BCF4A5 /* Poppins-LightItalic.ttf in Resources */,
				04BF56602941A2EF00BCF4A5 /* Poppins-ExtraBold.ttf in Resources */,
				04BF565D2941A2EF00BCF4A5 /* Poppins-Medium.ttf in Resources */,
				04BF56672941A2EF00BCF4A5 /* Poppins-SemiBold.ttf in Resources */,
				04BF563A294193B300BCF4A5 /* LaunchScreen.storyboard in Resources */,
				04BF5637294193B300BCF4A5 /* Assets.xcassets in Resources */,
			);
			runOnlyForDeploymentPostprocessing = 0;
		};
/* End PBXResourcesBuildPhase section */

/* Begin PBXSourcesBuildPhase section */
		04BF5626294193B200BCF4A5 /* Sources */ = {
			isa = PBXSourcesBuildPhase;
			buildActionMask = 2147483647;
			files = (
				04BF56702941AAF900BCF4A5 /* UIView+Extension.swift in Sources */,
				04BF56722941BC8700BCF4A5 /* UIStackView+Extension.swift in Sources */,
				04BF566B2941A30400BCF4A5 /* Theme.swift in Sources */,
				04BF56752941D66400BCF4A5 /* ETGradientButton.swift in Sources */,
				044587E0294317F2009195F2 /* UIViewController+Extension.swift in Sources */,
				04BF56772941D86B00BCF4A5 /* ETButtonTitle.swift in Sources */,
				044587E229432BC5009195F2 /* SignUpViewController.swift in Sources */,
				04BF567A2941DB5400BCF4A5 /* ETButtonType.swift in Sources */,
				04BF56882942438B00BCF4A5 /* MainViewController.swift in Sources */,
				04BF562E294193B200BCF4A5 /* AppDelegate.swift in Sources */,
				044587DC29431728009195F2 /* SignInViewController.swift in Sources */,
				04BF56842941EA6C00BCF4A5 /* OnboardingModel.swift in Sources */,
				04BF566E2941A65500BCF4A5 /* UIFont+Extension.swift in Sources */,
				04BF567E2941E9F000BCF4A5 /* OnboardingViewController.swift in Sources */,
				04BF5630294193B200BCF4A5 /* SceneDelegate.swift in Sources */,
				04BF56812941EA0D00BCF4A5 /* OnboardingCollectionViewCell.swift in Sources */,
				044587DE2943174B009195F2 /* ETTextField.swift in Sources */,
				044587E4294331B5009195F2 /* UINavigation+Extension.swift in Sources */,
				044587DA2942EC29009195F2 /* ETIconButton.swift in Sources */,
			);
			runOnlyForDeploymentPostprocessing = 0;
		};
/* End PBXSourcesBuildPhase section */

/* Begin PBXVariantGroup section */
		04BF5638294193B300BCF4A5 /* LaunchScreen.storyboard */ = {
			isa = PBXVariantGroup;
			children = (
				04BF5639294193B300BCF4A5 /* Base */,
			);
			name = LaunchScreen.storyboard;
			sourceTree = "<group>";
		};
/* End PBXVariantGroup section */

/* Begin XCBuildConfiguration section */
		04BF563C294193B300BCF4A5 /* Debug */ = {
			isa = XCBuildConfiguration;
			buildSettings = {
				ALWAYS_SEARCH_USER_PATHS = NO;
				CLANG_ANALYZER_NONNULL = YES;
				CLANG_ANALYZER_NUMBER_OBJECT_CONVERSION = YES_AGGRESSIVE;
				CLANG_CXX_LANGUAGE_STANDARD = "gnu++20";
				CLANG_ENABLE_MODULES = YES;
				CLANG_ENABLE_OBJC_ARC = YES;
				CLANG_ENABLE_OBJC_WEAK = YES;
				CLANG_WARN_BLOCK_CAPTURE_AUTORELEASING = YES;
				CLANG_WARN_BOOL_CONVERSION = YES;
				CLANG_WARN_COMMA = YES;
				CLANG_WARN_CONSTANT_CONVERSION = YES;
				CLANG_WARN_DEPRECATED_OBJC_IMPLEMENTATIONS = YES;
				CLANG_WARN_DIRECT_OBJC_ISA_USAGE = YES_ERROR;
				CLANG_WARN_DOCUMENTATION_COMMENTS = YES;
				CLANG_WARN_EMPTY_BODY = YES;
				CLANG_WARN_ENUM_CONVERSION = YES;
				CLANG_WARN_INFINITE_RECURSION = YES;
				CLANG_WARN_INT_CONVERSION = YES;
				CLANG_WARN_NON_LITERAL_NULL_CONVERSION = YES;
				CLANG_WARN_OBJC_IMPLICIT_RETAIN_SELF = YES;
				CLANG_WARN_OBJC_LITERAL_CONVERSION = YES;
				CLANG_WARN_OBJC_ROOT_CLASS = YES_ERROR;
				CLANG_WARN_QUOTED_INCLUDE_IN_FRAMEWORK_HEADER = YES;
				CLANG_WARN_RANGE_LOOP_ANALYSIS = YES;
				CLANG_WARN_STRICT_PROTOTYPES = YES;
				CLANG_WARN_SUSPICIOUS_MOVE = YES;
				CLANG_WARN_UNGUARDED_AVAILABILITY = YES_AGGRESSIVE;
				CLANG_WARN_UNREACHABLE_CODE = YES;
				CLANG_WARN__DUPLICATE_METHOD_MATCH = YES;
				COPY_PHASE_STRIP = NO;
				DEBUG_INFORMATION_FORMAT = dwarf;
				ENABLE_STRICT_OBJC_MSGSEND = YES;
				ENABLE_TESTABILITY = YES;
				GCC_C_LANGUAGE_STANDARD = gnu11;
				GCC_DYNAMIC_NO_PIC = NO;
				GCC_NO_COMMON_BLOCKS = YES;
				GCC_OPTIMIZATION_LEVEL = 0;
				GCC_PREPROCESSOR_DEFINITIONS = (
					"DEBUG=1",
					"$(inherited)",
				);
				GCC_WARN_64_TO_32_BIT_CONVERSION = YES;
				GCC_WARN_ABOUT_RETURN_TYPE = YES_ERROR;
				GCC_WARN_UNDECLARED_SELECTOR = YES;
				GCC_WARN_UNINITIALIZED_AUTOS = YES_AGGRESSIVE;
				GCC_WARN_UNUSED_FUNCTION = YES;
				GCC_WARN_UNUSED_VARIABLE = YES;
				IPHONEOS_DEPLOYMENT_TARGET = 15.0;
				MTL_ENABLE_DEBUG_INFO = INCLUDE_SOURCE;
				MTL_FAST_MATH = YES;
				ONLY_ACTIVE_ARCH = YES;
				SDKROOT = iphoneos;
				SWIFT_ACTIVE_COMPILATION_CONDITIONS = DEBUG;
				SWIFT_OPTIMIZATION_LEVEL = "-Onone";
			};
			name = Debug;
		};
		04BF563D294193B300BCF4A5 /* Release */ = {
			isa = XCBuildConfiguration;
			buildSettings = {
				ALWAYS_SEARCH_USER_PATHS = NO;
				CLANG_ANALYZER_NONNULL = YES;
				CLANG_ANALYZER_NUMBER_OBJECT_CONVERSION = YES_AGGRESSIVE;
				CLANG_CXX_LANGUAGE_STANDARD = "gnu++20";
				CLANG_ENABLE_MODULES = YES;
				CLANG_ENABLE_OBJC_ARC = YES;
				CLANG_ENABLE_OBJC_WEAK = YES;
				CLANG_WARN_BLOCK_CAPTURE_AUTORELEASING = YES;
				CLANG_WARN_BOOL_CONVERSION = YES;
				CLANG_WARN_COMMA = YES;
				CLANG_WARN_CONSTANT_CONVERSION = YES;
				CLANG_WARN_DEPRECATED_OBJC_IMPLEMENTATIONS = YES;
				CLANG_WARN_DIRECT_OBJC_ISA_USAGE = YES_ERROR;
				CLANG_WARN_DOCUMENTATION_COMMENTS = YES;
				CLANG_WARN_EMPTY_BODY = YES;
				CLANG_WARN_ENUM_CONVERSION = YES;
				CLANG_WARN_INFINITE_RECURSION = YES;
				CLANG_WARN_INT_CONVERSION = YES;
				CLANG_WARN_NON_LITERAL_NULL_CONVERSION = YES;
				CLANG_WARN_OBJC_IMPLICIT_RETAIN_SELF = YES;
				CLANG_WARN_OBJC_LITERAL_CONVERSION = YES;
				CLANG_WARN_OBJC_ROOT_CLASS = YES_ERROR;
				CLANG_WARN_QUOTED_INCLUDE_IN_FRAMEWORK_HEADER = YES;
				CLANG_WARN_RANGE_LOOP_ANALYSIS = YES;
				CLANG_WARN_STRICT_PROTOTYPES = YES;
				CLANG_WARN_SUSPICIOUS_MOVE = YES;
				CLANG_WARN_UNGUARDED_AVAILABILITY = YES_AGGRESSIVE;
				CLANG_WARN_UNREACHABLE_CODE = YES;
				CLANG_WARN__DUPLICATE_METHOD_MATCH = YES;
				COPY_PHASE_STRIP = NO;
				DEBUG_INFORMATION_FORMAT = "dwarf-with-dsym";
				ENABLE_NS_ASSERTIONS = NO;
				ENABLE_STRICT_OBJC_MSGSEND = YES;
				GCC_C_LANGUAGE_STANDARD = gnu11;
				GCC_NO_COMMON_BLOCKS = YES;
				GCC_WARN_64_TO_32_BIT_CONVERSION = YES;
				GCC_WARN_ABOUT_RETURN_TYPE = YES_ERROR;
				GCC_WARN_UNDECLARED_SELECTOR = YES;
				GCC_WARN_UNINITIALIZED_AUTOS = YES_AGGRESSIVE;
				GCC_WARN_UNUSED_FUNCTION = YES;
				GCC_WARN_UNUSED_VARIABLE = YES;
				IPHONEOS_DEPLOYMENT_TARGET = 15.0;
				MTL_ENABLE_DEBUG_INFO = NO;
				MTL_FAST_MATH = YES;
				SDKROOT = iphoneos;
				SWIFT_COMPILATION_MODE = wholemodule;
				SWIFT_OPTIMIZATION_LEVEL = "-O";
				VALIDATE_PRODUCT = YES;
			};
			name = Release;
		};
		04BF563F294193B300BCF4A5 /* Debug */ = {
			isa = XCBuildConfiguration;
			buildSettings = {
				ASSETCATALOG_COMPILER_APPICON_NAME = AppIcon;
				ASSETCATALOG_COMPILER_GLOBAL_ACCENT_COLOR_NAME = AccentColor;
				CODE_SIGN_STYLE = Automatic;
				CURRENT_PROJECT_VERSION = 1;
				DEVELOPMENT_TEAM = 6CUTD2AXT5;
				GENERATE_INFOPLIST_FILE = YES;
				INFOPLIST_FILE = ExTrip/Info.plist;
				INFOPLIST_KEY_UIApplicationSupportsIndirectInputEvents = YES;
				INFOPLIST_KEY_UILaunchStoryboardName = LaunchScreen;
				INFOPLIST_KEY_UIMainStoryboardFile = "";
				INFOPLIST_KEY_UISupportedInterfaceOrientations_iPad = "UIInterfaceOrientationPortrait UIInterfaceOrientationPortraitUpsideDown UIInterfaceOrientationLandscapeLeft UIInterfaceOrientationLandscapeRight";
				INFOPLIST_KEY_UISupportedInterfaceOrientations_iPhone = "UIInterfaceOrientationPortrait UIInterfaceOrientationLandscapeLeft UIInterfaceOrientationLandscapeRight";
				LD_RUNPATH_SEARCH_PATHS = (
					"$(inherited)",
					"@executable_path/Frameworks",
				);
				MARKETING_VERSION = 1.0;
				PRODUCT_BUNDLE_IDENTIFIER = com.jacob.nguyen.ExTrip;
				PRODUCT_NAME = "$(TARGET_NAME)";
				SWIFT_EMIT_LOC_STRINGS = YES;
				SWIFT_VERSION = 5.0;
				TARGETED_DEVICE_FAMILY = "1,2";
			};
			name = Debug;
		};
		04BF5640294193B300BCF4A5 /* Release */ = {
			isa = XCBuildConfiguration;
			buildSettings = {
				ASSETCATALOG_COMPILER_APPICON_NAME = AppIcon;
				ASSETCATALOG_COMPILER_GLOBAL_ACCENT_COLOR_NAME = AccentColor;
				CODE_SIGN_STYLE = Automatic;
				CURRENT_PROJECT_VERSION = 1;
				DEVELOPMENT_TEAM = 6CUTD2AXT5;
				GENERATE_INFOPLIST_FILE = YES;
				INFOPLIST_FILE = ExTrip/Info.plist;
				INFOPLIST_KEY_UIApplicationSupportsIndirectInputEvents = YES;
				INFOPLIST_KEY_UILaunchStoryboardName = LaunchScreen;
				INFOPLIST_KEY_UIMainStoryboardFile = "";
				INFOPLIST_KEY_UISupportedInterfaceOrientations_iPad = "UIInterfaceOrientationPortrait UIInterfaceOrientationPortraitUpsideDown UIInterfaceOrientationLandscapeLeft UIInterfaceOrientationLandscapeRight";
				INFOPLIST_KEY_UISupportedInterfaceOrientations_iPhone = "UIInterfaceOrientationPortrait UIInterfaceOrientationLandscapeLeft UIInterfaceOrientationLandscapeRight";
				LD_RUNPATH_SEARCH_PATHS = (
					"$(inherited)",
					"@executable_path/Frameworks",
				);
				MARKETING_VERSION = 1.0;
				PRODUCT_BUNDLE_IDENTIFIER = com.jacob.nguyen.ExTrip;
				PRODUCT_NAME = "$(TARGET_NAME)";
				SWIFT_EMIT_LOC_STRINGS = YES;
				SWIFT_VERSION = 5.0;
				TARGETED_DEVICE_FAMILY = "1,2";
			};
			name = Release;
		};
/* End XCBuildConfiguration section */

/* Begin XCConfigurationList section */
		04BF5625294193B200BCF4A5 /* Build configuration list for PBXProject "ExTrip" */ = {
			isa = XCConfigurationList;
			buildConfigurations = (
				04BF563C294193B300BCF4A5 /* Debug */,
				04BF563D294193B300BCF4A5 /* Release */,
			);
			defaultConfigurationIsVisible = 0;
			defaultConfigurationName = Release;
		};
		04BF563E294193B300BCF4A5 /* Build configuration list for PBXNativeTarget "ExTrip" */ = {
			isa = XCConfigurationList;
			buildConfigurations = (
				04BF563F294193B300BCF4A5 /* Debug */,
				04BF5640294193B300BCF4A5 /* Release */,
			);
			defaultConfigurationIsVisible = 0;
			defaultConfigurationName = Release;
		};
/* End XCConfigurationList section */
	};
	rootObject = 04BF5622294193B200BCF4A5 /* Project object */;
}
