// !$*UTF8*$!
{
	archiveVersion = 1;
	classes = {
	};
	objectVersion = 56;
	objects = {

/* Begin PBXBuildFile section */
		040911FE2946E11E00C8525F /* Observable.swift in Sources */ = {isa = PBXBuildFile; fileRef = 040911FD2946E11E00C8525F /* Observable.swift */; };
		040912002946E15300C8525F /* SignInViewModel.swift in Sources */ = {isa = PBXBuildFile; fileRef = 040911FF2946E15300C8525F /* SignInViewModel.swift */; };
		040912022946E1DD00C8525F /* AuthManager.swift in Sources */ = {isa = PBXBuildFile; fileRef = 040912012946E1DD00C8525F /* AuthManager.swift */; };
		042A14912948B9DD00461C4D /* StatusCode.swift in Sources */ = {isa = PBXBuildFile; fileRef = 042A14902948B9DD00461C4D /* StatusCode.swift */; };
		042A14942948C58B00461C4D /* Tag.swift in Sources */ = {isa = PBXBuildFile; fileRef = 042A14932948C58B00461C4D /* Tag.swift */; };
		044587DA2942EC29009195F2 /* ETIconButton.swift in Sources */ = {isa = PBXBuildFile; fileRef = 044587D92942EC29009195F2 /* ETIconButton.swift */; };
		044587DC29431728009195F2 /* SignInViewController.swift in Sources */ = {isa = PBXBuildFile; fileRef = 044587DB29431728009195F2 /* SignInViewController.swift */; };
		044587DE2943174B009195F2 /* ETTextField.swift in Sources */ = {isa = PBXBuildFile; fileRef = 044587DD2943174B009195F2 /* ETTextField.swift */; };
		044587E0294317F2009195F2 /* UIViewController+Extension.swift in Sources */ = {isa = PBXBuildFile; fileRef = 044587DF294317F2009195F2 /* UIViewController+Extension.swift */; };
		044587E229432BC5009195F2 /* SignUpViewController.swift in Sources */ = {isa = PBXBuildFile; fileRef = 044587E129432BC5009195F2 /* SignUpViewController.swift */; };
		044587E4294331B5009195F2 /* UINavigation+Extension.swift in Sources */ = {isa = PBXBuildFile; fileRef = 044587E3294331B5009195F2 /* UINavigation+Extension.swift */; };
		046B7C46294A38A200777906 /* HomeCollectionViewCell.swift in Sources */ = {isa = PBXBuildFile; fileRef = 046B7C45294A38A200777906 /* HomeCollectionViewCell.swift */; };
		049996EE2947234E005033C9 /* SignUpViewModel.swift in Sources */ = {isa = PBXBuildFile; fileRef = 049996ED2947234E005033C9 /* SignUpViewModel.swift */; };
		049996F02947235D005033C9 /* DatabaseManager.swift in Sources */ = {isa = PBXBuildFile; fileRef = 049996EF2947235D005033C9 /* DatabaseManager.swift */; };
		049996F2294724A1005033C9 /* UserInfoModel.swift in Sources */ = {isa = PBXBuildFile; fileRef = 049996F1294724A1005033C9 /* UserInfoModel.swift */; };
		049996F4294731F4005033C9 /* GoogleService-Info.plist in Resources */ = {isa = PBXBuildFile; fileRef = 049996F3294731F4005033C9 /* GoogleService-Info.plist */; };
		049996FA294738E3005033C9 /* HomeViewController.swift in Sources */ = {isa = PBXBuildFile; fileRef = 049996F9294738E3005033C9 /* HomeViewController.swift */; };
		04AB54322952A810005D5C31 /* ETSearchTextField.swift in Sources */ = {isa = PBXBuildFile; fileRef = 04AB54312952A810005D5C31 /* ETSearchTextField.swift */; };
		04BF54BB2949DA7B001176A1 /* Photos.plist in Resources */ = {isa = PBXBuildFile; fileRef = 04BF54B92949DA7B001176A1 /* Photos.plist */; };
		04BF54BC2949DA7B001176A1 /* Photos.xcassets in Resources */ = {isa = PBXBuildFile; fileRef = 04BF54BA2949DA7B001176A1 /* Photos.xcassets */; };
		04BF54BE2949DDEA001176A1 /* DestinationModel.swift in Sources */ = {isa = PBXBuildFile; fileRef = 04BF54BD2949DDEA001176A1 /* DestinationModel.swift */; };
		04BF562E294193B200BCF4A5 /* AppDelegate.swift in Sources */ = {isa = PBXBuildFile; fileRef = 04BF562D294193B200BCF4A5 /* AppDelegate.swift */; };
		04BF5630294193B200BCF4A5 /* SceneDelegate.swift in Sources */ = {isa = PBXBuildFile; fileRef = 04BF562F294193B200BCF4A5 /* SceneDelegate.swift */; };
		04BF5637294193B300BCF4A5 /* Assets.xcassets in Resources */ = {isa = PBXBuildFile; fileRef = 04BF5636294193B300BCF4A5 /* Assets.xcassets */; };
		04BF563A294193B300BCF4A5 /* LaunchScreen.storyboard in Resources */ = {isa = PBXBuildFile; fileRef = 04BF5638294193B300BCF4A5 /* LaunchScreen.storyboard */; };
		04BF56582941A2EF00BCF4A5 /* Poppins-ExtraLight.ttf in Resources */ = {isa = PBXBuildFile; fileRef = 04BF56462941A2EF00BCF4A5 /* Poppins-ExtraLight.ttf */; };
		04BF56592941A2EF00BCF4A5 /* Poppins-ThinItalic.ttf in Resources */ = {isa = PBXBuildFile; fileRef = 04BF56472941A2EF00BCF4A5 /* Poppins-ThinItalic.ttf */; };
		04BF565A2941A2EF00BCF4A5 /* Poppins-ExtraLightItalic.ttf in Resources */ = {isa = PBXBuildFile; fileRef = 04BF56482941A2EF00BCF4A5 /* Poppins-ExtraLightItalic.ttf */; };
		04BF565B2941A2EF00BCF4A5 /* Poppins-BoldItalic.ttf in Resources */ = {isa = PBXBuildFile; fileRef = 04BF56492941A2EF00BCF4A5 /* Poppins-BoldItalic.ttf */; };
		04BF565C2941A2EF00BCF4A5 /* Poppins-Light.ttf in Resources */ = {isa = PBXBuildFile; fileRef = 04BF564A2941A2EF00BCF4A5 /* Poppins-Light.ttf */; };
		04BF565D2941A2EF00BCF4A5 /* Poppins-Medium.ttf in Resources */ = {isa = PBXBuildFile; fileRef = 04BF564B2941A2EF00BCF4A5 /* Poppins-Medium.ttf */; };
		04BF565E2941A2EF00BCF4A5 /* Poppins-SemiBoldItalic.ttf in Resources */ = {isa = PBXBuildFile; fileRef = 04BF564C2941A2EF00BCF4A5 /* Poppins-SemiBoldItalic.ttf */; };
		04BF565F2941A2EF00BCF4A5 /* Poppins-ExtraBoldItalic.ttf in Resources */ = {isa = PBXBuildFile; fileRef = 04BF564D2941A2EF00BCF4A5 /* Poppins-ExtraBoldItalic.ttf */; };
		04BF56602941A2EF00BCF4A5 /* Poppins-ExtraBold.ttf in Resources */ = {isa = PBXBuildFile; fileRef = 04BF564E2941A2EF00BCF4A5 /* Poppins-ExtraBold.ttf */; };
		04BF56612941A2EF00BCF4A5 /* Poppins-BlackItalic.ttf in Resources */ = {isa = PBXBuildFile; fileRef = 04BF564F2941A2EF00BCF4A5 /* Poppins-BlackItalic.ttf */; };
		04BF56622941A2EF00BCF4A5 /* Poppins-Regular.ttf in Resources */ = {isa = PBXBuildFile; fileRef = 04BF56502941A2EF00BCF4A5 /* Poppins-Regular.ttf */; };
		04BF56632941A2EF00BCF4A5 /* Poppins-LightItalic.ttf in Resources */ = {isa = PBXBuildFile; fileRef = 04BF56512941A2EF00BCF4A5 /* Poppins-LightItalic.ttf */; };
		04BF56642941A2EF00BCF4A5 /* Poppins-Bold.ttf in Resources */ = {isa = PBXBuildFile; fileRef = 04BF56522941A2EF00BCF4A5 /* Poppins-Bold.ttf */; };
		04BF56652941A2EF00BCF4A5 /* Poppins-Black.ttf in Resources */ = {isa = PBXBuildFile; fileRef = 04BF56532941A2EF00BCF4A5 /* Poppins-Black.ttf */; };
		04BF56662941A2EF00BCF4A5 /* Poppins-Thin.ttf in Resources */ = {isa = PBXBuildFile; fileRef = 04BF56542941A2EF00BCF4A5 /* Poppins-Thin.ttf */; };
		04BF56672941A2EF00BCF4A5 /* Poppins-SemiBold.ttf in Resources */ = {isa = PBXBuildFile; fileRef = 04BF56552941A2EF00BCF4A5 /* Poppins-SemiBold.ttf */; };
		04BF56682941A2EF00BCF4A5 /* Poppins-Italic.ttf in Resources */ = {isa = PBXBuildFile; fileRef = 04BF56562941A2EF00BCF4A5 /* Poppins-Italic.ttf */; };
		04BF56692941A2EF00BCF4A5 /* Poppins-MediumItalic.ttf in Resources */ = {isa = PBXBuildFile; fileRef = 04BF56572941A2EF00BCF4A5 /* Poppins-MediumItalic.ttf */; };
		04BF566B2941A30400BCF4A5 /* Theme.swift in Sources */ = {isa = PBXBuildFile; fileRef = 04BF566A2941A30400BCF4A5 /* Theme.swift */; };
		04BF566E2941A65500BCF4A5 /* UIFont+Extension.swift in Sources */ = {isa = PBXBuildFile; fileRef = 04BF566D2941A65500BCF4A5 /* UIFont+Extension.swift */; };
		04BF56702941AAF900BCF4A5 /* UIView+Extension.swift in Sources */ = {isa = PBXBuildFile; fileRef = 04BF566F2941AAF900BCF4A5 /* UIView+Extension.swift */; };
		04BF56722941BC8700BCF4A5 /* UIStackView+Extension.swift in Sources */ = {isa = PBXBuildFile; fileRef = 04BF56712941BC8700BCF4A5 /* UIStackView+Extension.swift */; };
		04BF56752941D66400BCF4A5 /* ETGradientButton.swift in Sources */ = {isa = PBXBuildFile; fileRef = 04BF56742941D66400BCF4A5 /* ETGradientButton.swift */; };
		04BF56772941D86B00BCF4A5 /* ETButtonTitle.swift in Sources */ = {isa = PBXBuildFile; fileRef = 04BF56762941D86B00BCF4A5 /* ETButtonTitle.swift */; };
		04BF567A2941DB5400BCF4A5 /* ETButtonType.swift in Sources */ = {isa = PBXBuildFile; fileRef = 04BF56792941DB5400BCF4A5 /* ETButtonType.swift */; };
		04BF567E2941E9F000BCF4A5 /* OnboardingViewController.swift in Sources */ = {isa = PBXBuildFile; fileRef = 04BF567D2941E9F000BCF4A5 /* OnboardingViewController.swift */; };
		04BF56812941EA0D00BCF4A5 /* OnboardingCollectionViewCell.swift in Sources */ = {isa = PBXBuildFile; fileRef = 04BF56802941EA0D00BCF4A5 /* OnboardingCollectionViewCell.swift */; };
		04BF56842941EA6C00BCF4A5 /* OnboardingModel.swift in Sources */ = {isa = PBXBuildFile; fileRef = 04BF56832941EA6C00BCF4A5 /* OnboardingModel.swift */; };
		04BF56882942438B00BCF4A5 /* MainViewController.swift in Sources */ = {isa = PBXBuildFile; fileRef = 04BF56872942438B00BCF4A5 /* MainViewController.swift */; };
		04D80D8D295178EC005985ED /* StretchyTableHeaderView.swift in Sources */ = {isa = PBXBuildFile; fileRef = 04D80D8C295178EC005985ED /* StretchyTableHeaderView.swift */; };
		04D80D902951792F005985ED /* RattingView.swift in Sources */ = {isa = PBXBuildFile; fileRef = 04D80D8F2951792F005985ED /* RattingView.swift */; };
		04D80D93295179B9005985ED /* DestinationViewController.swift in Sources */ = {isa = PBXBuildFile; fileRef = 04D80D92295179B9005985ED /* DestinationViewController.swift */; };
		04D80D9629517A30005985ED /* DestinationTableViewCell.swift in Sources */ = {isa = PBXBuildFile; fileRef = 04D80D9529517A30005985ED /* DestinationTableViewCell.swift */; };
		04D80D9829517A94005985ED /* DestinationCollectionViewCell.swift in Sources */ = {isa = PBXBuildFile; fileRef = 04D80D9729517A94005985ED /* DestinationCollectionViewCell.swift */; };
		04D80DA22951B9D0005985ED /* HotelBookingViewController.swift in Sources */ = {isa = PBXBuildFile; fileRef = 04D80DA12951B9D0005985ED /* HotelBookingViewController.swift */; };
		04D80DA52951BE81005985ED /* HotelBookingTableViewCell.swift in Sources */ = {isa = PBXBuildFile; fileRef = 04D80DA42951BE81005985ED /* HotelBookingTableViewCell.swift */; };
		04D80DAF2951FCB2005985ED /* StepBookingModel.swift in Sources */ = {isa = PBXBuildFile; fileRef = 04D80DAE2951FCB2005985ED /* StepBookingModel.swift */; };
		04D80DB829520441005985ED /* LocationViewController.swift in Sources */ = {isa = PBXBuildFile; fileRef = 04D80DB729520441005985ED /* LocationViewController.swift */; };
		04D80DBD295215FE005985ED /* CategoryCollectionReusableView.swift in Sources */ = {isa = PBXBuildFile; fileRef = 04D80DBC295215FE005985ED /* CategoryCollectionReusableView.swift */; };
		04E7E32829497C0D0072EAFE /* TabbarViewController.swift in Sources */ = {isa = PBXBuildFile; fileRef = 04E7E32729497C0D0072EAFE /* TabbarViewController.swift */; };
		04E7E32B29497CDC0072EAFE /* FavoriteViewController.swift in Sources */ = {isa = PBXBuildFile; fileRef = 04E7E32A29497CDC0072EAFE /* FavoriteViewController.swift */; };
		04E7E32E29497D370072EAFE /* BookingViewController.swift in Sources */ = {isa = PBXBuildFile; fileRef = 04E7E32D29497D370072EAFE /* BookingViewController.swift */; };
		04E7E33129497D610072EAFE /* ProfileViewController.swift in Sources */ = {isa = PBXBuildFile; fileRef = 04E7E33029497D610072EAFE /* ProfileViewController.swift */; };
		04E7E3332949AD190072EAFE /* UserManager.swift in Sources */ = {isa = PBXBuildFile; fileRef = 04E7E3322949AD190072EAFE /* UserManager.swift */; };
		04E7E3352949AD490072EAFE /* UserDefaultKey.swift in Sources */ = {isa = PBXBuildFile; fileRef = 04E7E3342949AD490072EAFE /* UserDefaultKey.swift */; };
		04E7E3372949B7F40072EAFE /* HomeViewModel.swift in Sources */ = {isa = PBXBuildFile; fileRef = 04E7E3362949B7F40072EAFE /* HomeViewModel.swift */; };
		04F504DD2948603A00A94AD0 /* String+Extension.swift in Sources */ = {isa = PBXBuildFile; fileRef = 04F504DC2948603A00A94AD0 /* String+Extension.swift */; };
		04F7DE07295452320020494F /* Config.swift in Sources */ = {isa = PBXBuildFile; fileRef = 04F7DDFA295452320020494F /* Config.swift */; };
		04F7DE08295452320020494F /* Value.swift in Sources */ = {isa = PBXBuildFile; fileRef = 04F7DDFB295452320020494F /* Value.swift */; };
		04F7DE09295452320020494F /* Date+Utilities.swift in Sources */ = {isa = PBXBuildFile; fileRef = 04F7DDFD295452320020494F /* Date+Utilities.swift */; };
		04F7DE0A295452320020494F /* Calendar+LastWeekday.swift in Sources */ = {isa = PBXBuildFile; fileRef = 04F7DDFE295452320020494F /* Calendar+LastWeekday.swift */; };
		04F7DE0B295452320020494F /* String+CapitalizeFirstLetter.swift in Sources */ = {isa = PBXBuildFile; fileRef = 04F7DDFF295452320020494F /* String+CapitalizeFirstLetter.swift */; };
		04F7DE0C295452320020494F /* MonthHeader.swift in Sources */ = {isa = PBXBuildFile; fileRef = 04F7DE01295452320020494F /* MonthHeader.swift */; };
		04F7DE0D295452320020494F /* CurrentValueView.swift in Sources */ = {isa = PBXBuildFile; fileRef = 04F7DE02295452320020494F /* CurrentValueView.swift */; };
		04F7DE0E295452320020494F /* Controller.swift in Sources */ = {isa = PBXBuildFile; fileRef = 04F7DE03295452320020494F /* Controller.swift */; };
		04F7DE0F295452320020494F /* DayCell.swift in Sources */ = {isa = PBXBuildFile; fileRef = 04F7DE04295452320020494F /* DayCell.swift */; };
		04F7DE10295452320020494F /* WeekView.swift in Sources */ = {isa = PBXBuildFile; fileRef = 04F7DE05295452320020494F /* WeekView.swift */; };
		BB406546778E52C3D67DEEC9 /* Pods_ExTrip.framework in Frameworks */ = {isa = PBXBuildFile; fileRef = 97EA76F64DE8BE5A21D92918 /* Pods_ExTrip.framework */; };
/* End PBXBuildFile section */

/* Begin PBXFileReference section */
		040911FD2946E11E00C8525F /* Observable.swift */ = {isa = PBXFileReference; lastKnownFileType = sourcecode.swift; path = Observable.swift; sourceTree = "<group>"; };
		040911FF2946E15300C8525F /* SignInViewModel.swift */ = {isa = PBXFileReference; lastKnownFileType = sourcecode.swift; path = SignInViewModel.swift; sourceTree = "<group>"; };
		040912012946E1DD00C8525F /* AuthManager.swift */ = {isa = PBXFileReference; lastKnownFileType = sourcecode.swift; path = AuthManager.swift; sourceTree = "<group>"; };
		042A14902948B9DD00461C4D /* StatusCode.swift */ = {isa = PBXFileReference; lastKnownFileType = sourcecode.swift; path = StatusCode.swift; sourceTree = "<group>"; };
		042A14932948C58B00461C4D /* Tag.swift */ = {isa = PBXFileReference; lastKnownFileType = sourcecode.swift; path = Tag.swift; sourceTree = "<group>"; };
		044587D92942EC29009195F2 /* ETIconButton.swift */ = {isa = PBXFileReference; lastKnownFileType = sourcecode.swift; path = ETIconButton.swift; sourceTree = "<group>"; };
		044587DB29431728009195F2 /* SignInViewController.swift */ = {isa = PBXFileReference; lastKnownFileType = sourcecode.swift; path = SignInViewController.swift; sourceTree = "<group>"; };
		044587DD2943174B009195F2 /* ETTextField.swift */ = {isa = PBXFileReference; lastKnownFileType = sourcecode.swift; path = ETTextField.swift; sourceTree = "<group>"; };
		044587DF294317F2009195F2 /* UIViewController+Extension.swift */ = {isa = PBXFileReference; lastKnownFileType = sourcecode.swift; path = "UIViewController+Extension.swift"; sourceTree = "<group>"; };
		044587E129432BC5009195F2 /* SignUpViewController.swift */ = {isa = PBXFileReference; lastKnownFileType = sourcecode.swift; path = SignUpViewController.swift; sourceTree = "<group>"; };
		044587E3294331B5009195F2 /* UINavigation+Extension.swift */ = {isa = PBXFileReference; lastKnownFileType = sourcecode.swift; path = "UINavigation+Extension.swift"; sourceTree = "<group>"; };
		046B7C45294A38A200777906 /* HomeCollectionViewCell.swift */ = {isa = PBXFileReference; lastKnownFileType = sourcecode.swift; path = HomeCollectionViewCell.swift; sourceTree = "<group>"; };
		049996ED2947234E005033C9 /* SignUpViewModel.swift */ = {isa = PBXFileReference; lastKnownFileType = sourcecode.swift; path = SignUpViewModel.swift; sourceTree = "<group>"; };
		049996EF2947235D005033C9 /* DatabaseManager.swift */ = {isa = PBXFileReference; lastKnownFileType = sourcecode.swift; path = DatabaseManager.swift; sourceTree = "<group>"; };
		049996F1294724A1005033C9 /* UserInfoModel.swift */ = {isa = PBXFileReference; lastKnownFileType = sourcecode.swift; path = UserInfoModel.swift; sourceTree = "<group>"; };
		049996F3294731F4005033C9 /* GoogleService-Info.plist */ = {isa = PBXFileReference; fileEncoding = 4; lastKnownFileType = text.plist.xml; path = "GoogleService-Info.plist"; sourceTree = "<group>"; };
		049996F9294738E3005033C9 /* HomeViewController.swift */ = {isa = PBXFileReference; lastKnownFileType = sourcecode.swift; path = HomeViewController.swift; sourceTree = "<group>"; };
		04AB54312952A810005D5C31 /* ETSearchTextField.swift */ = {isa = PBXFileReference; lastKnownFileType = sourcecode.swift; path = ETSearchTextField.swift; sourceTree = "<group>"; };
		04BF54B92949DA7B001176A1 /* Photos.plist */ = {isa = PBXFileReference; fileEncoding = 4; lastKnownFileType = text.plist.xml; path = Photos.plist; sourceTree = "<group>"; };
		04BF54BA2949DA7B001176A1 /* Photos.xcassets */ = {isa = PBXFileReference; lastKnownFileType = folder.assetcatalog; path = Photos.xcassets; sourceTree = "<group>"; };
		04BF54BD2949DDEA001176A1 /* DestinationModel.swift */ = {isa = PBXFileReference; lastKnownFileType = sourcecode.swift; path = DestinationModel.swift; sourceTree = "<group>"; };
		04BF562A294193B200BCF4A5 /* ExTrip.app */ = {isa = PBXFileReference; explicitFileType = wrapper.application; includeInIndex = 0; path = ExTrip.app; sourceTree = BUILT_PRODUCTS_DIR; };
		04BF562D294193B200BCF4A5 /* AppDelegate.swift */ = {isa = PBXFileReference; lastKnownFileType = sourcecode.swift; path = AppDelegate.swift; sourceTree = "<group>"; };
		04BF562F294193B200BCF4A5 /* SceneDelegate.swift */ = {isa = PBXFileReference; lastKnownFileType = sourcecode.swift; path = SceneDelegate.swift; sourceTree = "<group>"; };
		04BF5636294193B300BCF4A5 /* Assets.xcassets */ = {isa = PBXFileReference; lastKnownFileType = folder.assetcatalog; path = Assets.xcassets; sourceTree = "<group>"; };
		04BF5639294193B300BCF4A5 /* Base */ = {isa = PBXFileReference; lastKnownFileType = file.storyboard; name = Base; path = Base.lproj/LaunchScreen.storyboard; sourceTree = "<group>"; };
		04BF563B294193B300BCF4A5 /* Info.plist */ = {isa = PBXFileReference; lastKnownFileType = text.plist.xml; path = Info.plist; sourceTree = "<group>"; };
		04BF56462941A2EF00BCF4A5 /* Poppins-ExtraLight.ttf */ = {isa = PBXFileReference; lastKnownFileType = file; path = "Poppins-ExtraLight.ttf"; sourceTree = "<group>"; };
		04BF56472941A2EF00BCF4A5 /* Poppins-ThinItalic.ttf */ = {isa = PBXFileReference; lastKnownFileType = file; path = "Poppins-ThinItalic.ttf"; sourceTree = "<group>"; };
		04BF56482941A2EF00BCF4A5 /* Poppins-ExtraLightItalic.ttf */ = {isa = PBXFileReference; lastKnownFileType = file; path = "Poppins-ExtraLightItalic.ttf"; sourceTree = "<group>"; };
		04BF56492941A2EF00BCF4A5 /* Poppins-BoldItalic.ttf */ = {isa = PBXFileReference; lastKnownFileType = file; path = "Poppins-BoldItalic.ttf"; sourceTree = "<group>"; };
		04BF564A2941A2EF00BCF4A5 /* Poppins-Light.ttf */ = {isa = PBXFileReference; lastKnownFileType = file; path = "Poppins-Light.ttf"; sourceTree = "<group>"; };
		04BF564B2941A2EF00BCF4A5 /* Poppins-Medium.ttf */ = {isa = PBXFileReference; lastKnownFileType = file; path = "Poppins-Medium.ttf"; sourceTree = "<group>"; };
		04BF564C2941A2EF00BCF4A5 /* Poppins-SemiBoldItalic.ttf */ = {isa = PBXFileReference; lastKnownFileType = file; path = "Poppins-SemiBoldItalic.ttf"; sourceTree = "<group>"; };
		04BF564D2941A2EF00BCF4A5 /* Poppins-ExtraBoldItalic.ttf */ = {isa = PBXFileReference; lastKnownFileType = file; path = "Poppins-ExtraBoldItalic.ttf"; sourceTree = "<group>"; };
		04BF564E2941A2EF00BCF4A5 /* Poppins-ExtraBold.ttf */ = {isa = PBXFileReference; lastKnownFileType = file; path = "Poppins-ExtraBold.ttf"; sourceTree = "<group>"; };
		04BF564F2941A2EF00BCF4A5 /* Poppins-BlackItalic.ttf */ = {isa = PBXFileReference; lastKnownFileType = file; path = "Poppins-BlackItalic.ttf"; sourceTree = "<group>"; };
		04BF56502941A2EF00BCF4A5 /* Poppins-Regular.ttf */ = {isa = PBXFileReference; lastKnownFileType = file; path = "Poppins-Regular.ttf"; sourceTree = "<group>"; };
		04BF56512941A2EF00BCF4A5 /* Poppins-LightItalic.ttf */ = {isa = PBXFileReference; lastKnownFileType = file; path = "Poppins-LightItalic.ttf"; sourceTree = "<group>"; };
		04BF56522941A2EF00BCF4A5 /* Poppins-Bold.ttf */ = {isa = PBXFileReference; lastKnownFileType = file; path = "Poppins-Bold.ttf"; sourceTree = "<group>"; };
		04BF56532941A2EF00BCF4A5 /* Poppins-Black.ttf */ = {isa = PBXFileReference; lastKnownFileType = file; path = "Poppins-Black.ttf"; sourceTree = "<group>"; };
		04BF56542941A2EF00BCF4A5 /* Poppins-Thin.ttf */ = {isa = PBXFileReference; lastKnownFileType = file; path = "Poppins-Thin.ttf"; sourceTree = "<group>"; };
		04BF56552941A2EF00BCF4A5 /* Poppins-SemiBold.ttf */ = {isa = PBXFileReference; lastKnownFileType = file; path = "Poppins-SemiBold.ttf"; sourceTree = "<group>"; };
		04BF56562941A2EF00BCF4A5 /* Poppins-Italic.ttf */ = {isa = PBXFileReference; lastKnownFileType = file; path = "Poppins-Italic.ttf"; sourceTree = "<group>"; };
		04BF56572941A2EF00BCF4A5 /* Poppins-MediumItalic.ttf */ = {isa = PBXFileReference; lastKnownFileType = file; path = "Poppins-MediumItalic.ttf"; sourceTree = "<group>"; };
		04BF566A2941A30400BCF4A5 /* Theme.swift */ = {isa = PBXFileReference; lastKnownFileType = sourcecode.swift; path = Theme.swift; sourceTree = "<group>"; };
		04BF566D2941A65500BCF4A5 /* UIFont+Extension.swift */ = {isa = PBXFileReference; lastKnownFileType = sourcecode.swift; path = "UIFont+Extension.swift"; sourceTree = "<group>"; };
		04BF566F2941AAF900BCF4A5 /* UIView+Extension.swift */ = {isa = PBXFileReference; lastKnownFileType = sourcecode.swift; path = "UIView+Extension.swift"; sourceTree = "<group>"; };
		04BF56712941BC8700BCF4A5 /* UIStackView+Extension.swift */ = {isa = PBXFileReference; lastKnownFileType = sourcecode.swift; path = "UIStackView+Extension.swift"; sourceTree = "<group>"; };
		04BF56742941D66400BCF4A5 /* ETGradientButton.swift */ = {isa = PBXFileReference; lastKnownFileType = sourcecode.swift; path = ETGradientButton.swift; sourceTree = "<group>"; };
		04BF56762941D86B00BCF4A5 /* ETButtonTitle.swift */ = {isa = PBXFileReference; lastKnownFileType = sourcecode.swift; path = ETButtonTitle.swift; sourceTree = "<group>"; };
		04BF56792941DB5400BCF4A5 /* ETButtonType.swift */ = {isa = PBXFileReference; lastKnownFileType = sourcecode.swift; path = ETButtonType.swift; sourceTree = "<group>"; };
		04BF567D2941E9F000BCF4A5 /* OnboardingViewController.swift */ = {isa = PBXFileReference; lastKnownFileType = sourcecode.swift; path = OnboardingViewController.swift; sourceTree = "<group>"; };
		04BF56802941EA0D00BCF4A5 /* OnboardingCollectionViewCell.swift */ = {isa = PBXFileReference; lastKnownFileType = sourcecode.swift; path = OnboardingCollectionViewCell.swift; sourceTree = "<group>"; };
		04BF56832941EA6C00BCF4A5 /* OnboardingModel.swift */ = {isa = PBXFileReference; lastKnownFileType = sourcecode.swift; path = OnboardingModel.swift; sourceTree = "<group>"; };
		04BF56872942438B00BCF4A5 /* MainViewController.swift */ = {isa = PBXFileReference; lastKnownFileType = sourcecode.swift; path = MainViewController.swift; sourceTree = "<group>"; };
		04D80D8C295178EC005985ED /* StretchyTableHeaderView.swift */ = {isa = PBXFileReference; lastKnownFileType = sourcecode.swift; path = StretchyTableHeaderView.swift; sourceTree = "<group>"; };
		04D80D8F2951792F005985ED /* RattingView.swift */ = {isa = PBXFileReference; lastKnownFileType = sourcecode.swift; path = RattingView.swift; sourceTree = "<group>"; };
		04D80D92295179B9005985ED /* DestinationViewController.swift */ = {isa = PBXFileReference; lastKnownFileType = sourcecode.swift; path = DestinationViewController.swift; sourceTree = "<group>"; };
		04D80D9529517A30005985ED /* DestinationTableViewCell.swift */ = {isa = PBXFileReference; lastKnownFileType = sourcecode.swift; path = DestinationTableViewCell.swift; sourceTree = "<group>"; };
		04D80D9729517A94005985ED /* DestinationCollectionViewCell.swift */ = {isa = PBXFileReference; lastKnownFileType = sourcecode.swift; path = DestinationCollectionViewCell.swift; sourceTree = "<group>"; };
		04D80DA12951B9D0005985ED /* HotelBookingViewController.swift */ = {isa = PBXFileReference; lastKnownFileType = sourcecode.swift; path = HotelBookingViewController.swift; sourceTree = "<group>"; };
		04D80DA42951BE81005985ED /* HotelBookingTableViewCell.swift */ = {isa = PBXFileReference; lastKnownFileType = sourcecode.swift; path = HotelBookingTableViewCell.swift; sourceTree = "<group>"; };
		04D80DAE2951FCB2005985ED /* StepBookingModel.swift */ = {isa = PBXFileReference; lastKnownFileType = sourcecode.swift; path = StepBookingModel.swift; sourceTree = "<group>"; };
		04D80DB729520441005985ED /* LocationViewController.swift */ = {isa = PBXFileReference; lastKnownFileType = sourcecode.swift; path = LocationViewController.swift; sourceTree = "<group>"; };
		04D80DBC295215FE005985ED /* CategoryCollectionReusableView.swift */ = {isa = PBXFileReference; lastKnownFileType = sourcecode.swift; path = CategoryCollectionReusableView.swift; sourceTree = "<group>"; };
		04E7E32729497C0D0072EAFE /* TabbarViewController.swift */ = {isa = PBXFileReference; lastKnownFileType = sourcecode.swift; path = TabbarViewController.swift; sourceTree = "<group>"; };
		04E7E32A29497CDC0072EAFE /* FavoriteViewController.swift */ = {isa = PBXFileReference; lastKnownFileType = sourcecode.swift; path = FavoriteViewController.swift; sourceTree = "<group>"; };
		04E7E32D29497D370072EAFE /* BookingViewController.swift */ = {isa = PBXFileReference; lastKnownFileType = sourcecode.swift; path = BookingViewController.swift; sourceTree = "<group>"; };
		04E7E33029497D610072EAFE /* ProfileViewController.swift */ = {isa = PBXFileReference; lastKnownFileType = sourcecode.swift; path = ProfileViewController.swift; sourceTree = "<group>"; };
		04E7E3322949AD190072EAFE /* UserManager.swift */ = {isa = PBXFileReference; lastKnownFileType = sourcecode.swift; path = UserManager.swift; sourceTree = "<group>"; };
		04E7E3342949AD490072EAFE /* UserDefaultKey.swift */ = {isa = PBXFileReference; lastKnownFileType = sourcecode.swift; path = UserDefaultKey.swift; sourceTree = "<group>"; };
		04E7E3362949B7F40072EAFE /* HomeViewModel.swift */ = {isa = PBXFileReference; lastKnownFileType = sourcecode.swift; path = HomeViewModel.swift; sourceTree = "<group>"; };
		04F504DC2948603A00A94AD0 /* String+Extension.swift */ = {isa = PBXFileReference; lastKnownFileType = sourcecode.swift; path = "String+Extension.swift"; sourceTree = "<group>"; };
		04F7DDFA295452320020494F /* Config.swift */ = {isa = PBXFileReference; fileEncoding = 4; lastKnownFileType = sourcecode.swift; path = Config.swift; sourceTree = "<group>"; };
		04F7DDFB295452320020494F /* Value.swift */ = {isa = PBXFileReference; fileEncoding = 4; lastKnownFileType = sourcecode.swift; path = Value.swift; sourceTree = "<group>"; };
		04F7DDFD295452320020494F /* Date+Utilities.swift */ = {isa = PBXFileReference; fileEncoding = 4; lastKnownFileType = sourcecode.swift; path = "Date+Utilities.swift"; sourceTree = "<group>"; };
		04F7DDFE295452320020494F /* Calendar+LastWeekday.swift */ = {isa = PBXFileReference; fileEncoding = 4; lastKnownFileType = sourcecode.swift; path = "Calendar+LastWeekday.swift"; sourceTree = "<group>"; };
		04F7DDFF295452320020494F /* String+CapitalizeFirstLetter.swift */ = {isa = PBXFileReference; fileEncoding = 4; lastKnownFileType = sourcecode.swift; path = "String+CapitalizeFirstLetter.swift"; sourceTree = "<group>"; };
		04F7DE01295452320020494F /* MonthHeader.swift */ = {isa = PBXFileReference; fileEncoding = 4; lastKnownFileType = sourcecode.swift; path = MonthHeader.swift; sourceTree = "<group>"; };
		04F7DE02295452320020494F /* CurrentValueView.swift */ = {isa = PBXFileReference; fileEncoding = 4; lastKnownFileType = sourcecode.swift; path = CurrentValueView.swift; sourceTree = "<group>"; };
		04F7DE03295452320020494F /* Controller.swift */ = {isa = PBXFileReference; fileEncoding = 4; lastKnownFileType = sourcecode.swift; path = Controller.swift; sourceTree = "<group>"; };
		04F7DE04295452320020494F /* DayCell.swift */ = {isa = PBXFileReference; fileEncoding = 4; lastKnownFileType = sourcecode.swift; path = DayCell.swift; sourceTree = "<group>"; };
		04F7DE05295452320020494F /* WeekView.swift */ = {isa = PBXFileReference; fileEncoding = 4; lastKnownFileType = sourcecode.swift; path = WeekView.swift; sourceTree = "<group>"; };
		7C5E109258F527B3A3A77A00 /* Pods-ExTrip.release.xcconfig */ = {isa = PBXFileReference; includeInIndex = 1; lastKnownFileType = text.xcconfig; name = "Pods-ExTrip.release.xcconfig"; path = "Target Support Files/Pods-ExTrip/Pods-ExTrip.release.xcconfig"; sourceTree = "<group>"; };
		899F57986DC6FE1A4E0DA0EA /* Pods-ExTrip.debug.xcconfig */ = {isa = PBXFileReference; includeInIndex = 1; lastKnownFileType = text.xcconfig; name = "Pods-ExTrip.debug.xcconfig"; path = "Target Support Files/Pods-ExTrip/Pods-ExTrip.debug.xcconfig"; sourceTree = "<group>"; };
		97EA76F64DE8BE5A21D92918 /* Pods_ExTrip.framework */ = {isa = PBXFileReference; explicitFileType = wrapper.framework; includeInIndex = 0; path = Pods_ExTrip.framework; sourceTree = BUILT_PRODUCTS_DIR; };
/* End PBXFileReference section */

/* Begin PBXFrameworksBuildPhase section */
		04BF5627294193B200BCF4A5 /* Frameworks */ = {
			isa = PBXFrameworksBuildPhase;
			buildActionMask = 2147483647;
			files = (
				BB406546778E52C3D67DEEC9 /* Pods_ExTrip.framework in Frameworks */,
			);
			runOnlyForDeploymentPostprocessing = 0;
		};
/* End PBXFrameworksBuildPhase section */

/* Begin PBXGroup section */
		040911F92946E0BE00C8525F /* Networking */ = {
			isa = PBXGroup;
			children = (
				040912012946E1DD00C8525F /* AuthManager.swift */,
				049996EF2947235D005033C9 /* DatabaseManager.swift */,
				042A14902948B9DD00461C4D /* StatusCode.swift */,
				04E7E3322949AD190072EAFE /* UserManager.swift */,
			);
			path = Networking;
			sourceTree = "<group>";
		};
		040911FA2946E0DB00C8525F /* ViewModel */ = {
			isa = PBXGroup;
			children = (
				040911FF2946E15300C8525F /* SignInViewModel.swift */,
				049996ED2947234E005033C9 /* SignUpViewModel.swift */,
				04E7E3362949B7F40072EAFE /* HomeViewModel.swift */,
			);
			path = ViewModel;
			sourceTree = "<group>";
		};
		040911FC2946E0F100C8525F /* Observable */ = {
			isa = PBXGroup;
			children = (
				040911FD2946E11E00C8525F /* Observable.swift */,
			);
			path = Observable;
			sourceTree = "<group>";
		};
		042A14922948C55400461C4D /* Constant */ = {
			isa = PBXGroup;
			children = (
				042A14932948C58B00461C4D /* Tag.swift */,
				04E7E3342949AD490072EAFE /* UserDefaultKey.swift */,
			);
			path = Constant;
			sourceTree = "<group>";
		};
		049996F8294738CB005033C9 /* Home */ = {
			isa = PBXGroup;
			children = (
				04D80DBB295215E3005985ED /* Category */,
				04BF54B12949C876001176A1 /* Cell */,
				049996F9294738E3005033C9 /* HomeViewController.swift */,
			);
			path = Home;
			sourceTree = "<group>";
		};
		04BF54B12949C876001176A1 /* Cell */ = {
			isa = PBXGroup;
			children = (
				046B7C45294A38A200777906 /* HomeCollectionViewCell.swift */,
			);
			path = Cell;
			sourceTree = "<group>";
		};
		04BF5621294193B200BCF4A5 = {
			isa = PBXGroup;
			children = (
				04BF562C294193B200BCF4A5 /* ExTrip */,
				04BF562B294193B200BCF4A5 /* Products */,
				2DA043B931954E46AACE9358 /* Pods */,
				3E29A661E67A26B7091B994D /* Frameworks */,
			);
			sourceTree = "<group>";
		};
		04BF562B294193B200BCF4A5 /* Products */ = {
			isa = PBXGroup;
			children = (
				04BF562A294193B200BCF4A5 /* ExTrip.app */,
			);
			name = Products;
			sourceTree = "<group>";
		};
		04BF562C294193B200BCF4A5 /* ExTrip */ = {
			isa = PBXGroup;
			children = (
				04F7DDF5295452010020494F /* Framework */,
				04D80D8B295178C9005985ED /* Common */,
				04E7E32629497BE20072EAFE /* Navigation */,
				042A14922948C55400461C4D /* Constant */,
				040911FC2946E0F100C8525F /* Observable */,
				040911FA2946E0DB00C8525F /* ViewModel */,
				040911F92946E0BE00C8525F /* Networking */,
				04BF56852942434000BCF4A5 /* Controllers */,
				04BF56822941EA6000BCF4A5 /* Model */,
				04BF567B2941E9D300BCF4A5 /* Views */,
				04BF56732941D64300BCF4A5 /* Customs */,
				04BF566C2941A63B00BCF4A5 /* Extensions */,
				04BF5641294198DB00BCF4A5 /* AppDelegate */,
				04BF564229419AB600BCF4A5 /* Resources */,
				04BF5638294193B300BCF4A5 /* LaunchScreen.storyboard */,
				04BF563B294193B300BCF4A5 /* Info.plist */,
				049996F3294731F4005033C9 /* GoogleService-Info.plist */,
			);
			path = ExTrip;
			sourceTree = "<group>";
		};
		04BF5641294198DB00BCF4A5 /* AppDelegate */ = {
			isa = PBXGroup;
			children = (
				04BF562D294193B200BCF4A5 /* AppDelegate.swift */,
				04BF562F294193B200BCF4A5 /* SceneDelegate.swift */,
			);
			path = AppDelegate;
			sourceTree = "<group>";
		};
		04BF564229419AB600BCF4A5 /* Resources */ = {
			isa = PBXGroup;
			children = (
				04BF56452941A2EF00BCF4A5 /* Fonts */,
				04BF564429419AF800BCF4A5 /* Colors */,
				04BF5636294193B300BCF4A5 /* Assets.xcassets */,
				04BF54B92949DA7B001176A1 /* Photos.plist */,
				04BF54BA2949DA7B001176A1 /* Photos.xcassets */,
			);
			path = Resources;
			sourceTree = "<group>";
		};
		04BF564429419AF800BCF4A5 /* Colors */ = {
			isa = PBXGroup;
			children = (
				04BF566A2941A30400BCF4A5 /* Theme.swift */,
			);
			path = Colors;
			sourceTree = "<group>";
		};
		04BF56452941A2EF00BCF4A5 /* Fonts */ = {
			isa = PBXGroup;
			children = (
				04BF56462941A2EF00BCF4A5 /* Poppins-ExtraLight.ttf */,
				04BF56472941A2EF00BCF4A5 /* Poppins-ThinItalic.ttf */,
				04BF56482941A2EF00BCF4A5 /* Poppins-ExtraLightItalic.ttf */,
				04BF56492941A2EF00BCF4A5 /* Poppins-BoldItalic.ttf */,
				04BF564A2941A2EF00BCF4A5 /* Poppins-Light.ttf */,
				04BF564B2941A2EF00BCF4A5 /* Poppins-Medium.ttf */,
				04BF564C2941A2EF00BCF4A5 /* Poppins-SemiBoldItalic.ttf */,
				04BF564D2941A2EF00BCF4A5 /* Poppins-ExtraBoldItalic.ttf */,
				04BF564E2941A2EF00BCF4A5 /* Poppins-ExtraBold.ttf */,
				04BF564F2941A2EF00BCF4A5 /* Poppins-BlackItalic.ttf */,
				04BF56502941A2EF00BCF4A5 /* Poppins-Regular.ttf */,
				04BF56512941A2EF00BCF4A5 /* Poppins-LightItalic.ttf */,
				04BF56522941A2EF00BCF4A5 /* Poppins-Bold.ttf */,
				04BF56532941A2EF00BCF4A5 /* Poppins-Black.ttf */,
				04BF56542941A2EF00BCF4A5 /* Poppins-Thin.ttf */,
				04BF56552941A2EF00BCF4A5 /* Poppins-SemiBold.ttf */,
				04BF56562941A2EF00BCF4A5 /* Poppins-Italic.ttf */,
				04BF56572941A2EF00BCF4A5 /* Poppins-MediumItalic.ttf */,
			);
			path = Fonts;
			sourceTree = "<group>";
		};
		04BF566C2941A63B00BCF4A5 /* Extensions */ = {
			isa = PBXGroup;
			children = (
				04BF566D2941A65500BCF4A5 /* UIFont+Extension.swift */,
				04BF566F2941AAF900BCF4A5 /* UIView+Extension.swift */,
				04BF56712941BC8700BCF4A5 /* UIStackView+Extension.swift */,
				044587DF294317F2009195F2 /* UIViewController+Extension.swift */,
				044587E3294331B5009195F2 /* UINavigation+Extension.swift */,
				04F504DC2948603A00A94AD0 /* String+Extension.swift */,
			);
			path = Extensions;
			sourceTree = "<group>";
		};
		04BF56732941D64300BCF4A5 /* Customs */ = {
			isa = PBXGroup;
			children = (
				04BF56782941DB3600BCF4A5 /* ButtonStyle */,
				04BF56742941D66400BCF4A5 /* ETGradientButton.swift */,
				044587D92942EC29009195F2 /* ETIconButton.swift */,
				044587DD2943174B009195F2 /* ETTextField.swift */,
				04AB54312952A810005D5C31 /* ETSearchTextField.swift */,
			);
			path = Customs;
			sourceTree = "<group>";
		};
		04BF56782941DB3600BCF4A5 /* ButtonStyle */ = {
			isa = PBXGroup;
			children = (
				04BF56762941D86B00BCF4A5 /* ETButtonTitle.swift */,
				04BF56792941DB5400BCF4A5 /* ETButtonType.swift */,
			);
			path = ButtonStyle;
			sourceTree = "<group>";
		};
		04BF567B2941E9D300BCF4A5 /* Views */ = {
			isa = PBXGroup;
			children = (
				04D80D8E2951791C005985ED /* Ratting */,
				04D80D8A295178B2005985ED /* Header */,
				04BF567C2941E9DC00BCF4A5 /* Onboarding */,
			);
			path = Views;
			sourceTree = "<group>";
		};
		04BF567C2941E9DC00BCF4A5 /* Onboarding */ = {
			isa = PBXGroup;
			children = (
				04BF567F2941E9FB00BCF4A5 /* Cell */,
				04BF567D2941E9F000BCF4A5 /* OnboardingViewController.swift */,
			);
			path = Onboarding;
			sourceTree = "<group>";
		};
		04BF567F2941E9FB00BCF4A5 /* Cell */ = {
			isa = PBXGroup;
			children = (
				04BF56802941EA0D00BCF4A5 /* OnboardingCollectionViewCell.swift */,
			);
			path = Cell;
			sourceTree = "<group>";
		};
		04BF56822941EA6000BCF4A5 /* Model */ = {
			isa = PBXGroup;
			children = (
				04BF56832941EA6C00BCF4A5 /* OnboardingModel.swift */,
				049996F1294724A1005033C9 /* UserInfoModel.swift */,
				04BF54BD2949DDEA001176A1 /* DestinationModel.swift */,
				04D80DAE2951FCB2005985ED /* StepBookingModel.swift */,
			);
			path = Model;
			sourceTree = "<group>";
		};
		04BF56852942434000BCF4A5 /* Controllers */ = {
			isa = PBXGroup;
			children = (
				04D80DA02951B9C2005985ED /* Hotel */,
				04D80D9129517997005985ED /* Destination */,
				04E7E32F29497D4F0072EAFE /* Profile */,
				04E7E32C29497CE90072EAFE /* Booking */,
				04E7E32929497C9C0072EAFE /* Favorite */,
				049996F8294738CB005033C9 /* Home */,
				04BF56862942434E00BCF4A5 /* Auth */,
			);
			path = Controllers;
			sourceTree = "<group>";
		};
		04BF56862942434E00BCF4A5 /* Auth */ = {
			isa = PBXGroup;
			children = (
				04BF56872942438B00BCF4A5 /* MainViewController.swift */,
				044587DB29431728009195F2 /* SignInViewController.swift */,
				044587E129432BC5009195F2 /* SignUpViewController.swift */,
			);
			path = Auth;
			sourceTree = "<group>";
		};
		04D80D8A295178B2005985ED /* Header */ = {
			isa = PBXGroup;
			children = (
				04D80D8C295178EC005985ED /* StretchyTableHeaderView.swift */,
			);
			path = Header;
			sourceTree = "<group>";
		};
		04D80D8B295178C9005985ED /* Common */ = {
			isa = PBXGroup;
			children = (
			);
			path = Common;
			sourceTree = "<group>";
		};
		04D80D8E2951791C005985ED /* Ratting */ = {
			isa = PBXGroup;
			children = (
				04D80D8F2951792F005985ED /* RattingView.swift */,
			);
			path = Ratting;
			sourceTree = "<group>";
		};
		04D80D9129517997005985ED /* Destination */ = {
			isa = PBXGroup;
			children = (
				04D80D9429517A1C005985ED /* Cell */,
				04D80D92295179B9005985ED /* DestinationViewController.swift */,
			);
			path = Destination;
			sourceTree = "<group>";
		};
		04D80D9429517A1C005985ED /* Cell */ = {
			isa = PBXGroup;
			children = (
				04D80D9529517A30005985ED /* DestinationTableViewCell.swift */,
				04D80D9729517A94005985ED /* DestinationCollectionViewCell.swift */,
			);
			path = Cell;
			sourceTree = "<group>";
		};
		04D80DA02951B9C2005985ED /* Hotel */ = {
			isa = PBXGroup;
			children = (
				04D80DB029520314005985ED /* Step */,
				04D80DA32951BE68005985ED /* Cell */,
				04D80DA12951B9D0005985ED /* HotelBookingViewController.swift */,
			);
			path = Hotel;
			sourceTree = "<group>";
		};
		04D80DA32951BE68005985ED /* Cell */ = {
			isa = PBXGroup;
			children = (
				04D80DA42951BE81005985ED /* HotelBookingTableViewCell.swift */,
			);
			path = Cell;
			sourceTree = "<group>";
		};
		04D80DB029520314005985ED /* Step */ = {
			isa = PBXGroup;
			children = (
				04D80DB729520441005985ED /* LocationViewController.swift */,
			);
			path = Step;
			sourceTree = "<group>";
		};
		04D80DBB295215E3005985ED /* Category */ = {
			isa = PBXGroup;
			children = (
				04D80DBC295215FE005985ED /* CategoryCollectionReusableView.swift */,
			);
			path = Category;
			sourceTree = "<group>";
		};
		04E7E32629497BE20072EAFE /* Navigation */ = {
			isa = PBXGroup;
			children = (
				04E7E32729497C0D0072EAFE /* TabbarViewController.swift */,
			);
			path = Navigation;
			sourceTree = "<group>";
		};
		04E7E32929497C9C0072EAFE /* Favorite */ = {
			isa = PBXGroup;
			children = (
				04E7E32A29497CDC0072EAFE /* FavoriteViewController.swift */,
			);
			path = Favorite;
			sourceTree = "<group>";
		};
		04E7E32C29497CE90072EAFE /* Booking */ = {
			isa = PBXGroup;
			children = (
				04E7E32D29497D370072EAFE /* BookingViewController.swift */,
			);
			path = Booking;
			sourceTree = "<group>";
		};
		04E7E32F29497D4F0072EAFE /* Profile */ = {
			isa = PBXGroup;
			children = (
				04E7E33029497D610072EAFE /* ProfileViewController.swift */,
			);
			path = Profile;
			sourceTree = "<group>";
		};
		04F7DDF5295452010020494F /* Framework */ = {
			isa = PBXGroup;
			children = (
				04F7DDF7295452320020494F /* Calender */,
			);
			path = Framework;
			sourceTree = "<group>";
		};
		04F7DDF7295452320020494F /* Calender */ = {
			isa = PBXGroup;
			children = (
				04F7DDF8295452320020494F /* Models */,
				04F7DDFC295452320020494F /* Extensions */,
				04F7DE00295452320020494F /* Views */,
			);
			path = Calender;
			sourceTree = "<group>";
		};
		04F7DDF8295452320020494F /* Models */ = {
			isa = PBXGroup;
			children = (
				04F7DDFA295452320020494F /* Config.swift */,
				04F7DDFB295452320020494F /* Value.swift */,
			);
			path = Models;
			sourceTree = "<group>";
		};
		04F7DDFC295452320020494F /* Extensions */ = {
			isa = PBXGroup;
			children = (
				04F7DDFD295452320020494F /* Date+Utilities.swift */,
				04F7DDFE295452320020494F /* Calendar+LastWeekday.swift */,
				04F7DDFF295452320020494F /* String+CapitalizeFirstLetter.swift */,
			);
			path = Extensions;
			sourceTree = "<group>";
		};
		04F7DE00295452320020494F /* Views */ = {
			isa = PBXGroup;
			children = (
				04F7DE01295452320020494F /* MonthHeader.swift */,
				04F7DE02295452320020494F /* CurrentValueView.swift */,
				04F7DE03295452320020494F /* Controller.swift */,
				04F7DE04295452320020494F /* DayCell.swift */,
				04F7DE05295452320020494F /* WeekView.swift */,
			);
			path = Views;
			sourceTree = "<group>";
		};
		2DA043B931954E46AACE9358 /* Pods */ = {
			isa = PBXGroup;
			children = (
				899F57986DC6FE1A4E0DA0EA /* Pods-ExTrip.debug.xcconfig */,
				7C5E109258F527B3A3A77A00 /* Pods-ExTrip.release.xcconfig */,
			);
			path = Pods;
			sourceTree = "<group>";
		};
		3E29A661E67A26B7091B994D /* Frameworks */ = {
			isa = PBXGroup;
			children = (
				97EA76F64DE8BE5A21D92918 /* Pods_ExTrip.framework */,
			);
			name = Frameworks;
			sourceTree = "<group>";
		};
/* End PBXGroup section */

/* Begin PBXNativeTarget section */
		04BF5629294193B200BCF4A5 /* ExTrip */ = {
			isa = PBXNativeTarget;
			buildConfigurationList = 04BF563E294193B300BCF4A5 /* Build configuration list for PBXNativeTarget "ExTrip" */;
			buildPhases = (
				A97E7919125AB99D4266F7B3 /* [CP] Check Pods Manifest.lock */,
				04BF5626294193B200BCF4A5 /* Sources */,
				04BF5627294193B200BCF4A5 /* Frameworks */,
				04BF5628294193B200BCF4A5 /* Resources */,
				FA0ECCDAE6DEEAE247884BFA /* [CP] Embed Pods Frameworks */,
			);
			buildRules = (
			);
			dependencies = (
			);
			name = ExTrip;
			productName = ExTrip;
			productReference = 04BF562A294193B200BCF4A5 /* ExTrip.app */;
			productType = "com.apple.product-type.application";
		};
/* End PBXNativeTarget section */

/* Begin PBXProject section */
		04BF5622294193B200BCF4A5 /* Project object */ = {
			isa = PBXProject;
			attributes = {
				BuildIndependentTargetsInParallel = 1;
				LastSwiftUpdateCheck = 1410;
				LastUpgradeCheck = 1410;
				TargetAttributes = {
					04BF5629294193B200BCF4A5 = {
						CreatedOnToolsVersion = 14.1;
					};
				};
			};
			buildConfigurationList = 04BF5625294193B200BCF4A5 /* Build configuration list for PBXProject "ExTrip" */;
			compatibilityVersion = "Xcode 14.0";
			developmentRegion = en;
			hasScannedForEncodings = 0;
			knownRegions = (
				en,
				Base,
			);
			mainGroup = 04BF5621294193B200BCF4A5;
			productRefGroup = 04BF562B294193B200BCF4A5 /* Products */;
			projectDirPath = "";
			projectRoot = "";
			targets = (
				04BF5629294193B200BCF4A5 /* ExTrip */,
			);
		};
/* End PBXProject section */

/* Begin PBXResourcesBuildPhase section */
		04BF5628294193B200BCF4A5 /* Resources */ = {
			isa = PBXResourcesBuildPhase;
			buildActionMask = 2147483647;
			files = (
				04BF56652941A2EF00BCF4A5 /* Poppins-Black.ttf in Resources */,
				04BF565C2941A2EF00BCF4A5 /* Poppins-Light.ttf in Resources */,
				04BF56582941A2EF00BCF4A5 /* Poppins-ExtraLight.ttf in Resources */,
				04BF56662941A2EF00BCF4A5 /* Poppins-Thin.ttf in Resources */,
				04BF56682941A2EF00BCF4A5 /* Poppins-Italic.ttf in Resources */,
				04BF54BB2949DA7B001176A1 /* Photos.plist in Resources */,
				04BF56622941A2EF00BCF4A5 /* Poppins-Regular.ttf in Resources */,
				04BF56592941A2EF00BCF4A5 /* Poppins-ThinItalic.ttf in Resources */,
				04BF565A2941A2EF00BCF4A5 /* Poppins-ExtraLightItalic.ttf in Resources */,
				04BF56612941A2EF00BCF4A5 /* Poppins-BlackItalic.ttf in Resources */,
				04BF56692941A2EF00BCF4A5 /* Poppins-MediumItalic.ttf in Resources */,
				04BF565F2941A2EF00BCF4A5 /* Poppins-ExtraBoldItalic.ttf in Resources */,
				04BF56642941A2EF00BCF4A5 /* Poppins-Bold.ttf in Resources */,
				04BF565B2941A2EF00BCF4A5 /* Poppins-BoldItalic.ttf in Resources */,
				04BF565E2941A2EF00BCF4A5 /* Poppins-SemiBoldItalic.ttf in Resources */,
				04BF56632941A2EF00BCF4A5 /* Poppins-LightItalic.ttf in Resources */,
				04BF56602941A2EF00BCF4A5 /* Poppins-ExtraBold.ttf in Resources */,
				04BF54BC2949DA7B001176A1 /* Photos.xcassets in Resources */,
				04BF565D2941A2EF00BCF4A5 /* Poppins-Medium.ttf in Resources */,
				04BF56672941A2EF00BCF4A5 /* Poppins-SemiBold.ttf in Resources */,
				04BF563A294193B300BCF4A5 /* LaunchScreen.storyboard in Resources */,
				04BF5637294193B300BCF4A5 /* Assets.xcassets in Resources */,
				049996F4294731F4005033C9 /* GoogleService-Info.plist in Resources */,
			);
			runOnlyForDeploymentPostprocessing = 0;
		};
/* End PBXResourcesBuildPhase section */

/* Begin PBXShellScriptBuildPhase section */
		A97E7919125AB99D4266F7B3 /* [CP] Check Pods Manifest.lock */ = {
			isa = PBXShellScriptBuildPhase;
			buildActionMask = 2147483647;
			files = (
			);
			inputFileListPaths = (
			);
			inputPaths = (
				"${PODS_PODFILE_DIR_PATH}/Podfile.lock",
				"${PODS_ROOT}/Manifest.lock",
			);
			name = "[CP] Check Pods Manifest.lock";
			outputFileListPaths = (
			);
			outputPaths = (
				"$(DERIVED_FILE_DIR)/Pods-ExTrip-checkManifestLockResult.txt",
			);
			runOnlyForDeploymentPostprocessing = 0;
			shellPath = /bin/sh;
			shellScript = "diff \"${PODS_PODFILE_DIR_PATH}/Podfile.lock\" \"${PODS_ROOT}/Manifest.lock\" > /dev/null\nif [ $? != 0 ] ; then\n    # print error to STDERR\n    echo \"error: The sandbox is not in sync with the Podfile.lock. Run 'pod install' or update your CocoaPods installation.\" >&2\n    exit 1\nfi\n# This output is used by Xcode 'outputs' to avoid re-running this script phase.\necho \"SUCCESS\" > \"${SCRIPT_OUTPUT_FILE_0}\"\n";
			showEnvVarsInLog = 0;
		};
		FA0ECCDAE6DEEAE247884BFA /* [CP] Embed Pods Frameworks */ = {
			isa = PBXShellScriptBuildPhase;
			buildActionMask = 2147483647;
			files = (
			);
			inputFileListPaths = (
				"${PODS_ROOT}/Target Support Files/Pods-ExTrip/Pods-ExTrip-frameworks-${CONFIGURATION}-input-files.xcfilelist",
			);
			name = "[CP] Embed Pods Frameworks";
			outputFileListPaths = (
				"${PODS_ROOT}/Target Support Files/Pods-ExTrip/Pods-ExTrip-frameworks-${CONFIGURATION}-output-files.xcfilelist",
			);
			runOnlyForDeploymentPostprocessing = 0;
			shellPath = /bin/sh;
			shellScript = "\"${PODS_ROOT}/Target Support Files/Pods-ExTrip/Pods-ExTrip-frameworks.sh\"\n";
			showEnvVarsInLog = 0;
		};
/* End PBXShellScriptBuildPhase section */

/* Begin PBXSourcesBuildPhase section */
		04BF5626294193B200BCF4A5 /* Sources */ = {
			isa = PBXSourcesBuildPhase;
			buildActionMask = 2147483647;
			files = (
				04BF56702941AAF900BCF4A5 /* UIView+Extension.swift in Sources */,
				04BF56722941BC8700BCF4A5 /* UIStackView+Extension.swift in Sources */,
				04BF566B2941A30400BCF4A5 /* Theme.swift in Sources */,
				04D80D9829517A94005985ED /* DestinationCollectionViewCell.swift in Sources */,
				04BF56752941D66400BCF4A5 /* ETGradientButton.swift in Sources */,
				04F7DE08295452320020494F /* Value.swift in Sources */,
				04BF54BE2949DDEA001176A1 /* DestinationModel.swift in Sources */,
				049996F2294724A1005033C9 /* UserInfoModel.swift in Sources */,
				044587E0294317F2009195F2 /* UIViewController+Extension.swift in Sources */,
				04D80D93295179B9005985ED /* DestinationViewController.swift in Sources */,
				04D80DBD295215FE005985ED /* CategoryCollectionReusableView.swift in Sources */,
				04E7E33129497D610072EAFE /* ProfileViewController.swift in Sources */,
				04BF56772941D86B00BCF4A5 /* ETButtonTitle.swift in Sources */,
				04D80DA22951B9D0005985ED /* HotelBookingViewController.swift in Sources */,
				04E7E3352949AD490072EAFE /* UserDefaultKey.swift in Sources */,
				04F7DE0E295452320020494F /* Controller.swift in Sources */,
				04E7E32E29497D370072EAFE /* BookingViewController.swift in Sources */,
				044587E229432BC5009195F2 /* SignUpViewController.swift in Sources */,
				04E7E32829497C0D0072EAFE /* TabbarViewController.swift in Sources */,
				04BF567A2941DB5400BCF4A5 /* ETButtonType.swift in Sources */,
				04F7DE10295452320020494F /* WeekView.swift in Sources */,
				049996F02947235D005033C9 /* DatabaseManager.swift in Sources */,
				040912002946E15300C8525F /* SignInViewModel.swift in Sources */,
				04D80DB829520441005985ED /* LocationViewController.swift in Sources */,
				04BF56882942438B00BCF4A5 /* MainViewController.swift in Sources */,
				04BF562E294193B200BCF4A5 /* AppDelegate.swift in Sources */,
				04AB54322952A810005D5C31 /* ETSearchTextField.swift in Sources */,
				04E7E3332949AD190072EAFE /* UserManager.swift in Sources */,
				049996FA294738E3005033C9 /* HomeViewController.swift in Sources */,
				04F7DE0C295452320020494F /* MonthHeader.swift in Sources */,
				04D80DA52951BE81005985ED /* HotelBookingTableViewCell.swift in Sources */,
				04F7DE0F295452320020494F /* DayCell.swift in Sources */,
				042A14912948B9DD00461C4D /* StatusCode.swift in Sources */,
				04D80D9629517A30005985ED /* DestinationTableViewCell.swift in Sources */,
				044587DC29431728009195F2 /* SignInViewController.swift in Sources */,
				04BF56842941EA6C00BCF4A5 /* OnboardingModel.swift in Sources */,
				04F7DE09295452320020494F /* Date+Utilities.swift in Sources */,
				04F7DE0D295452320020494F /* CurrentValueView.swift in Sources */,
				049996EE2947234E005033C9 /* SignUpViewModel.swift in Sources */,
				04BF566E2941A65500BCF4A5 /* UIFont+Extension.swift in Sources */,
				04D80D8D295178EC005985ED /* StretchyTableHeaderView.swift in Sources */,
				04D80D902951792F005985ED /* RattingView.swift in Sources */,
				04F7DE0A295452320020494F /* Calendar+LastWeekday.swift in Sources */,
				04F7DE07295452320020494F /* Config.swift in Sources */,
				04BF567E2941E9F000BCF4A5 /* OnboardingViewController.swift in Sources */,
				04F504DD2948603A00A94AD0 /* String+Extension.swift in Sources */,
				04F7DE0B295452320020494F /* String+CapitalizeFirstLetter.swift in Sources */,
				04BF5630294193B200BCF4A5 /* SceneDelegate.swift in Sources */,
				04E7E32B29497CDC0072EAFE /* FavoriteViewController.swift in Sources */,
				04BF56812941EA0D00BCF4A5 /* OnboardingCollectionViewCell.swift in Sources */,
				04D80DAF2951FCB2005985ED /* StepBookingModel.swift in Sources */,
				040911FE2946E11E00C8525F /* Observable.swift in Sources */,
				04E7E3372949B7F40072EAFE /* HomeViewModel.swift in Sources */,
				044587DE2943174B009195F2 /* ETTextField.swift in Sources */,
				046B7C46294A38A200777906 /* HomeCollectionViewCell.swift in Sources */,
				040912022946E1DD00C8525F /* AuthManager.swift in Sources */,
				044587E4294331B5009195F2 /* UINavigation+Extension.swift in Sources */,
				042A14942948C58B00461C4D /* Tag.swift in Sources */,
				044587DA2942EC29009195F2 /* ETIconButton.swift in Sources */,
			);
			runOnlyForDeploymentPostprocessing = 0;
		};
/* End PBXSourcesBuildPhase section */

/* Begin PBXVariantGroup section */
		04BF5638294193B300BCF4A5 /* LaunchScreen.storyboard */ = {
			isa = PBXVariantGroup;
			children = (
				04BF5639294193B300BCF4A5 /* Base */,
			);
			name = LaunchScreen.storyboard;
			sourceTree = "<group>";
		};
/* End PBXVariantGroup section */

/* Begin XCBuildConfiguration section */
		04BF563C294193B300BCF4A5 /* Debug */ = {
			isa = XCBuildConfiguration;
			buildSettings = {
				ALWAYS_SEARCH_USER_PATHS = NO;
				CLANG_ANALYZER_NONNULL = YES;
				CLANG_ANALYZER_NUMBER_OBJECT_CONVERSION = YES_AGGRESSIVE;
				CLANG_CXX_LANGUAGE_STANDARD = "gnu++20";
				CLANG_ENABLE_MODULES = YES;
				CLANG_ENABLE_OBJC_ARC = YES;
				CLANG_ENABLE_OBJC_WEAK = YES;
				CLANG_WARN_BLOCK_CAPTURE_AUTORELEASING = YES;
				CLANG_WARN_BOOL_CONVERSION = YES;
				CLANG_WARN_COMMA = YES;
				CLANG_WARN_CONSTANT_CONVERSION = YES;
				CLANG_WARN_DEPRECATED_OBJC_IMPLEMENTATIONS = YES;
				CLANG_WARN_DIRECT_OBJC_ISA_USAGE = YES_ERROR;
				CLANG_WARN_DOCUMENTATION_COMMENTS = YES;
				CLANG_WARN_EMPTY_BODY = YES;
				CLANG_WARN_ENUM_CONVERSION = YES;
				CLANG_WARN_INFINITE_RECURSION = YES;
				CLANG_WARN_INT_CONVERSION = YES;
				CLANG_WARN_NON_LITERAL_NULL_CONVERSION = YES;
				CLANG_WARN_OBJC_IMPLICIT_RETAIN_SELF = YES;
				CLANG_WARN_OBJC_LITERAL_CONVERSION = YES;
				CLANG_WARN_OBJC_ROOT_CLASS = YES_ERROR;
				CLANG_WARN_QUOTED_INCLUDE_IN_FRAMEWORK_HEADER = YES;
				CLANG_WARN_RANGE_LOOP_ANALYSIS = YES;
				CLANG_WARN_STRICT_PROTOTYPES = YES;
				CLANG_WARN_SUSPICIOUS_MOVE = YES;
				CLANG_WARN_UNGUARDED_AVAILABILITY = YES_AGGRESSIVE;
				CLANG_WARN_UNREACHABLE_CODE = YES;
				CLANG_WARN__DUPLICATE_METHOD_MATCH = YES;
				COPY_PHASE_STRIP = NO;
				DEBUG_INFORMATION_FORMAT = dwarf;
				ENABLE_STRICT_OBJC_MSGSEND = YES;
				ENABLE_TESTABILITY = YES;
				GCC_C_LANGUAGE_STANDARD = gnu11;
				GCC_DYNAMIC_NO_PIC = NO;
				GCC_NO_COMMON_BLOCKS = YES;
				GCC_OPTIMIZATION_LEVEL = 0;
				GCC_PREPROCESSOR_DEFINITIONS = (
					"DEBUG=1",
					"$(inherited)",
				);
				GCC_WARN_64_TO_32_BIT_CONVERSION = YES;
				GCC_WARN_ABOUT_RETURN_TYPE = YES_ERROR;
				GCC_WARN_UNDECLARED_SELECTOR = YES;
				GCC_WARN_UNINITIALIZED_AUTOS = YES_AGGRESSIVE;
				GCC_WARN_UNUSED_FUNCTION = YES;
				GCC_WARN_UNUSED_VARIABLE = YES;
				IPHONEOS_DEPLOYMENT_TARGET = 15.0;
				MTL_ENABLE_DEBUG_INFO = INCLUDE_SOURCE;
				MTL_FAST_MATH = YES;
				ONLY_ACTIVE_ARCH = YES;
				SDKROOT = iphoneos;
				SWIFT_ACTIVE_COMPILATION_CONDITIONS = DEBUG;
				SWIFT_OPTIMIZATION_LEVEL = "-Onone";
			};
			name = Debug;
		};
		04BF563D294193B300BCF4A5 /* Release */ = {
			isa = XCBuildConfiguration;
			buildSettings = {
				ALWAYS_SEARCH_USER_PATHS = NO;
				CLANG_ANALYZER_NONNULL = YES;
				CLANG_ANALYZER_NUMBER_OBJECT_CONVERSION = YES_AGGRESSIVE;
				CLANG_CXX_LANGUAGE_STANDARD = "gnu++20";
				CLANG_ENABLE_MODULES = YES;
				CLANG_ENABLE_OBJC_ARC = YES;
				CLANG_ENABLE_OBJC_WEAK = YES;
				CLANG_WARN_BLOCK_CAPTURE_AUTORELEASING = YES;
				CLANG_WARN_BOOL_CONVERSION = YES;
				CLANG_WARN_COMMA = YES;
				CLANG_WARN_CONSTANT_CONVERSION = YES;
				CLANG_WARN_DEPRECATED_OBJC_IMPLEMENTATIONS = YES;
				CLANG_WARN_DIRECT_OBJC_ISA_USAGE = YES_ERROR;
				CLANG_WARN_DOCUMENTATION_COMMENTS = YES;
				CLANG_WARN_EMPTY_BODY = YES;
				CLANG_WARN_ENUM_CONVERSION = YES;
				CLANG_WARN_INFINITE_RECURSION = YES;
				CLANG_WARN_INT_CONVERSION = YES;
				CLANG_WARN_NON_LITERAL_NULL_CONVERSION = YES;
				CLANG_WARN_OBJC_IMPLICIT_RETAIN_SELF = YES;
				CLANG_WARN_OBJC_LITERAL_CONVERSION = YES;
				CLANG_WARN_OBJC_ROOT_CLASS = YES_ERROR;
				CLANG_WARN_QUOTED_INCLUDE_IN_FRAMEWORK_HEADER = YES;
				CLANG_WARN_RANGE_LOOP_ANALYSIS = YES;
				CLANG_WARN_STRICT_PROTOTYPES = YES;
				CLANG_WARN_SUSPICIOUS_MOVE = YES;
				CLANG_WARN_UNGUARDED_AVAILABILITY = YES_AGGRESSIVE;
				CLANG_WARN_UNREACHABLE_CODE = YES;
				CLANG_WARN__DUPLICATE_METHOD_MATCH = YES;
				COPY_PHASE_STRIP = NO;
				DEBUG_INFORMATION_FORMAT = "dwarf-with-dsym";
				ENABLE_NS_ASSERTIONS = NO;
				ENABLE_STRICT_OBJC_MSGSEND = YES;
				GCC_C_LANGUAGE_STANDARD = gnu11;
				GCC_NO_COMMON_BLOCKS = YES;
				GCC_WARN_64_TO_32_BIT_CONVERSION = YES;
				GCC_WARN_ABOUT_RETURN_TYPE = YES_ERROR;
				GCC_WARN_UNDECLARED_SELECTOR = YES;
				GCC_WARN_UNINITIALIZED_AUTOS = YES_AGGRESSIVE;
				GCC_WARN_UNUSED_FUNCTION = YES;
				GCC_WARN_UNUSED_VARIABLE = YES;
				IPHONEOS_DEPLOYMENT_TARGET = 15.0;
				MTL_ENABLE_DEBUG_INFO = NO;
				MTL_FAST_MATH = YES;
				SDKROOT = iphoneos;
				SWIFT_COMPILATION_MODE = wholemodule;
				SWIFT_OPTIMIZATION_LEVEL = "-O";
				VALIDATE_PRODUCT = YES;
			};
			name = Release;
		};
		04BF563F294193B300BCF4A5 /* Debug */ = {
			isa = XCBuildConfiguration;
			baseConfigurationReference = 899F57986DC6FE1A4E0DA0EA /* Pods-ExTrip.debug.xcconfig */;
			buildSettings = {
				ASSETCATALOG_COMPILER_APPICON_NAME = AppIcon;
				ASSETCATALOG_COMPILER_GLOBAL_ACCENT_COLOR_NAME = AccentColor;
				CODE_SIGN_STYLE = Automatic;
				CURRENT_PROJECT_VERSION = 1;
				DEVELOPMENT_TEAM = 6CUTD2AXT5;
				GENERATE_INFOPLIST_FILE = YES;
				INFOPLIST_FILE = ExTrip/Info.plist;
				INFOPLIST_KEY_UIApplicationSupportsIndirectInputEvents = YES;
				INFOPLIST_KEY_UILaunchStoryboardName = LaunchScreen;
				INFOPLIST_KEY_UIMainStoryboardFile = "";
				INFOPLIST_KEY_UISupportedInterfaceOrientations_iPad = "UIInterfaceOrientationPortrait UIInterfaceOrientationPortraitUpsideDown UIInterfaceOrientationLandscapeLeft UIInterfaceOrientationLandscapeRight";
				INFOPLIST_KEY_UISupportedInterfaceOrientations_iPhone = "UIInterfaceOrientationPortrait UIInterfaceOrientationLandscapeLeft UIInterfaceOrientationLandscapeRight";
				LD_RUNPATH_SEARCH_PATHS = (
					"$(inherited)",
					"@executable_path/Frameworks",
				);
				MARKETING_VERSION = 1.0;
				PRODUCT_BUNDLE_IDENTIFIER = com.jacob.nguyen.ExTrip;
				PRODUCT_NAME = "$(TARGET_NAME)";
				SWIFT_EMIT_LOC_STRINGS = YES;
				SWIFT_VERSION = 5.0;
				TARGETED_DEVICE_FAMILY = "1,2";
			};
			name = Debug;
		};
		04BF5640294193B300BCF4A5 /* Release */ = {
			isa = XCBuildConfiguration;
			baseConfigurationReference = 7C5E109258F527B3A3A77A00 /* Pods-ExTrip.release.xcconfig */;
			buildSettings = {
				ASSETCATALOG_COMPILER_APPICON_NAME = AppIcon;
				ASSETCATALOG_COMPILER_GLOBAL_ACCENT_COLOR_NAME = AccentColor;
				CODE_SIGN_STYLE = Automatic;
				CURRENT_PROJECT_VERSION = 1;
				DEVELOPMENT_TEAM = 6CUTD2AXT5;
				GENERATE_INFOPLIST_FILE = YES;
				INFOPLIST_FILE = ExTrip/Info.plist;
				INFOPLIST_KEY_UIApplicationSupportsIndirectInputEvents = YES;
				INFOPLIST_KEY_UILaunchStoryboardName = LaunchScreen;
				INFOPLIST_KEY_UIMainStoryboardFile = "";
				INFOPLIST_KEY_UISupportedInterfaceOrientations_iPad = "UIInterfaceOrientationPortrait UIInterfaceOrientationPortraitUpsideDown UIInterfaceOrientationLandscapeLeft UIInterfaceOrientationLandscapeRight";
				INFOPLIST_KEY_UISupportedInterfaceOrientations_iPhone = "UIInterfaceOrientationPortrait UIInterfaceOrientationLandscapeLeft UIInterfaceOrientationLandscapeRight";
				LD_RUNPATH_SEARCH_PATHS = (
					"$(inherited)",
					"@executable_path/Frameworks",
				);
				MARKETING_VERSION = 1.0;
				PRODUCT_BUNDLE_IDENTIFIER = com.jacob.nguyen.ExTrip;
				PRODUCT_NAME = "$(TARGET_NAME)";
				SWIFT_EMIT_LOC_STRINGS = YES;
				SWIFT_VERSION = 5.0;
				TARGETED_DEVICE_FAMILY = "1,2";
			};
			name = Release;
		};
/* End XCBuildConfiguration section */

/* Begin XCConfigurationList section */
		04BF5625294193B200BCF4A5 /* Build configuration list for PBXProject "ExTrip" */ = {
			isa = XCConfigurationList;
			buildConfigurations = (
				04BF563C294193B300BCF4A5 /* Debug */,
				04BF563D294193B300BCF4A5 /* Release */,
			);
			defaultConfigurationIsVisible = 0;
			defaultConfigurationName = Release;
		};
		04BF563E294193B300BCF4A5 /* Build configuration list for PBXNativeTarget "ExTrip" */ = {
			isa = XCConfigurationList;
			buildConfigurations = (
				04BF563F294193B300BCF4A5 /* Debug */,
				04BF5640294193B300BCF4A5 /* Release */,
			);
			defaultConfigurationIsVisible = 0;
			defaultConfigurationName = Release;
		};
/* End XCConfigurationList section */
	};
	rootObject = 04BF5622294193B200BCF4A5 /* Project object */;
}
